// !$*UTF8*$!
{
	archiveVersion = 1;
	classes = {
	};
	objectVersion = 56;
	objects = {

/* Begin PBXBuildFile section */
		251DBE812CE2338100258E49 /* Haptics.swift in Sources */ = {isa = PBXBuildFile; fileRef = 251DBE802CE2338100258E49 /* Haptics.swift */; };
		251DBE832CE263E300258E49 /* RecommendResultView.swift in Sources */ = {isa = PBXBuildFile; fileRef = 251DBE822CE263E300258E49 /* RecommendResultView.swift */; };
		251DBE852CE2640300258E49 /* RecommendResultViewController.swift in Sources */ = {isa = PBXBuildFile; fileRef = 251DBE842CE2640300258E49 /* RecommendResultViewController.swift */; };
		251DBE872CE2640F00258E49 /* SearchViewModel.swift in Sources */ = {isa = PBXBuildFile; fileRef = 251DBE862CE2640F00258E49 /* SearchViewModel.swift */; };
		251DBE892CE39F0800258E49 /* Recommend.swift in Sources */ = {isa = PBXBuildFile; fileRef = 251DBE882CE39F0800258E49 /* Recommend.swift */; };
		251DBE8B2CE39FFC00258E49 /* Food.swift in Sources */ = {isa = PBXBuildFile; fileRef = 251DBE8A2CE39FFC00258E49 /* Food.swift */; };
		251DBE932CE4D44600258E49 /* RecommendFoodCollectionViewCell.swift in Sources */ = {isa = PBXBuildFile; fileRef = 251DBE922CE4D44600258E49 /* RecommendFoodCollectionViewCell.swift */; };
		251DBE952CE501DD00258E49 /* TitleHeaderView.swift in Sources */ = {isa = PBXBuildFile; fileRef = 251DBE942CE501DD00258E49 /* TitleHeaderView.swift */; };
		252D0B4D2D0A0E61005795D7 /* DecorationView.swift in Sources */ = {isa = PBXBuildFile; fileRef = 252D0B4C2D0A0E61005795D7 /* DecorationView.swift */; };
		253B1B752CC4097800F7DBF9 /* GmarketSansMedium.otf in Resources */ = {isa = PBXBuildFile; fileRef = 253B1B742CC4097800F7DBF9 /* GmarketSansMedium.otf */; };
		253B1B762CC4097800F7DBF9 /* GmarketSansBold.otf in Resources */ = {isa = PBXBuildFile; fileRef = 253B1B722CC4097800F7DBF9 /* GmarketSansBold.otf */; };
		253B1B772CC4097800F7DBF9 /* GmarketSansLight.otf in Resources */ = {isa = PBXBuildFile; fileRef = 253B1B732CC4097800F7DBF9 /* GmarketSansLight.otf */; };
		253B1B7E2CC40DC200F7DBF9 /* UIFont+CustomFont.swift in Sources */ = {isa = PBXBuildFile; fileRef = 253B1B7D2CC40DC200F7DBF9 /* UIFont+CustomFont.swift */; };
		253B1B802CC40F7C00F7DBF9 /* UIColor+CustomColor.swift in Sources */ = {isa = PBXBuildFile; fileRef = 253B1B7F2CC40F7C00F7DBF9 /* UIColor+CustomColor.swift */; };
		253B1B8B2CC506D200F7DBF9 /* Pretendard-Medium.otf in Resources */ = {isa = PBXBuildFile; fileRef = 253B1B882CC506D200F7DBF9 /* Pretendard-Medium.otf */; };
		253B1B8C2CC506D200F7DBF9 /* Pretendard-Regular.otf in Resources */ = {isa = PBXBuildFile; fileRef = 253B1B892CC506D200F7DBF9 /* Pretendard-Regular.otf */; };
		253B1B8D2CC506D200F7DBF9 /* Pretendard-SemiBold.otf in Resources */ = {isa = PBXBuildFile; fileRef = 253B1B8A2CC506D200F7DBF9 /* Pretendard-SemiBold.otf */; };
		253B1B8F2CC51D4700F7DBF9 /* UIViewController+customHideKeyboard.swift in Sources */ = {isa = PBXBuildFile; fileRef = 253B1B8E2CC51D4700F7DBF9 /* UIViewController+customHideKeyboard.swift */; };
		2554710C2CFA2C2000796279 /* LoginView.swift in Sources */ = {isa = PBXBuildFile; fileRef = 2554710B2CFA2C2000796279 /* LoginView.swift */; };
		2554710E2CFA2C2B00796279 /* LoginViewController.swift in Sources */ = {isa = PBXBuildFile; fileRef = 2554710D2CFA2C2B00796279 /* LoginViewController.swift */; };
		255B96612CBE4FF400D6AC8E /* AppDelegate.swift in Sources */ = {isa = PBXBuildFile; fileRef = 255B96552CBE4FF400D6AC8E /* AppDelegate.swift */; };
		255B96622CBE4FF400D6AC8E /* CheersMate.xcdatamodeld in Sources */ = {isa = PBXBuildFile; fileRef = 255B96572CBE4FF400D6AC8E /* CheersMate.xcdatamodeld */; };
		255B96632CBE4FF400D6AC8E /* SceneDelegate.swift in Sources */ = {isa = PBXBuildFile; fileRef = 255B965D2CBE4FF400D6AC8E /* SceneDelegate.swift */; };
		255B96652CBE4FF400D6AC8E /* Assets.xcassets in Resources */ = {isa = PBXBuildFile; fileRef = 255B96562CBE4FF400D6AC8E /* Assets.xcassets */; };
		2567CF412CE5307D00FB8860 /* RecommendResultViewModel.swift in Sources */ = {isa = PBXBuildFile; fileRef = 2567CF402CE5307D00FB8860 /* RecommendResultViewModel.swift */; };
		2567F07D2D0C496100E5763C /* Moneygraphy-Rounded.otf in Resources */ = {isa = PBXBuildFile; fileRef = 2567F07C2D0C496100E5763C /* Moneygraphy-Rounded.otf */; };
		2571BA402CEB2A0900D61D70 /* WeatherNetworkManager.swift in Sources */ = {isa = PBXBuildFile; fileRef = 2571BA3F2CEB2A0900D61D70 /* WeatherNetworkManager.swift */; };
		2571BA422CEB2A1500D61D70 /* WeatherNetwork.swift in Sources */ = {isa = PBXBuildFile; fileRef = 2571BA412CEB2A1500D61D70 /* WeatherNetwork.swift */; };
		2571BA442CEB35C400D61D70 /* Weather.swift in Sources */ = {isa = PBXBuildFile; fileRef = 2571BA432CEB35C400D61D70 /* Weather.swift */; };
		2571BA462CEB3AD100D61D70 /* WeatherRepository.swift in Sources */ = {isa = PBXBuildFile; fileRef = 2571BA452CEB3AD100D61D70 /* WeatherRepository.swift */; };
		2571BA482CEB3B5200D61D70 /* WeatherRepositoryProtocol.swift in Sources */ = {isa = PBXBuildFile; fileRef = 2571BA472CEB3B5200D61D70 /* WeatherRepositoryProtocol.swift */; };
		2571BA4D2CEB40E200D61D70 /* WeatherUseCase.swift in Sources */ = {isa = PBXBuildFile; fileRef = 2571BA4C2CEB40E200D61D70 /* WeatherUseCase.swift */; };
		2571BA522CEC672300D61D70 /* ProductListViewModel.swift in Sources */ = {isa = PBXBuildFile; fileRef = 2571BA512CEC672300D61D70 /* ProductListViewModel.swift */; };
		2571BA542CEC673500D61D70 /* ProductListView.swift in Sources */ = {isa = PBXBuildFile; fileRef = 2571BA532CEC673500D61D70 /* ProductListView.swift */; };
		2571BA562CEC675A00D61D70 /* ProductListViewController.swift in Sources */ = {isa = PBXBuildFile; fileRef = 2571BA552CEC675A00D61D70 /* ProductListViewController.swift */; };
		2571BA582CEC69C800D61D70 /* CategoryTabmanViewCotroller.swift in Sources */ = {isa = PBXBuildFile; fileRef = 2571BA572CEC69C800D61D70 /* CategoryTabmanViewCotroller.swift */; };
		2571BA5B2CEC94EB00D61D70 /* ProductCollectionViewCell.swift in Sources */ = {isa = PBXBuildFile; fileRef = 2571BA5A2CEC94EB00D61D70 /* ProductCollectionViewCell.swift */; };
		25737D672CDE7487004E9F6B /* RecommendNetworkManager.swift in Sources */ = {isa = PBXBuildFile; fileRef = 25737D662CDE7487004E9F6B /* RecommendNetworkManager.swift */; };
		25737D692CDE7496004E9F6B /* RecommendNetwork.swift in Sources */ = {isa = PBXBuildFile; fileRef = 25737D682CDE7496004E9F6B /* RecommendNetwork.swift */; };
		25737D6B2CDE7882004E9F6B /* Object.swift in Sources */ = {isa = PBXBuildFile; fileRef = 25737D6A2CDE7882004E9F6B /* Object.swift */; };
		25737D752CDE9CE9004E9F6B /* Liquor.swift in Sources */ = {isa = PBXBuildFile; fileRef = 25737D742CDE9CE9004E9F6B /* Liquor.swift */; };
		2573BE552D7609910014F2FF /* LoginViewModel.swift in Sources */ = {isa = PBXBuildFile; fileRef = 2573BE542D7609910014F2FF /* LoginViewModel.swift */; };
		258936912CF64D880017B9F6 /* SettingTableViewCell.swift in Sources */ = {isa = PBXBuildFile; fileRef = 258936902CF64D880017B9F6 /* SettingTableViewCell.swift */; };
		259E81C12CC9793000D63747 /* UITextField+ToolBar.swift in Sources */ = {isa = PBXBuildFile; fileRef = 259E81C02CC9793000D63747 /* UITextField+ToolBar.swift */; };
		259E81CB2CCA78AF00D63747 /* UILabel+Spacing.swift in Sources */ = {isa = PBXBuildFile; fileRef = 259E81CA2CCA78AF00D63747 /* UILabel+Spacing.swift */; };
		259E81D92CCAAE7500D63747 /* UINavigationController+Appearance.swift in Sources */ = {isa = PBXBuildFile; fileRef = 259E81D82CCAAE7500D63747 /* UINavigationController+Appearance.swift */; };
		259E81E92CCB864200D63747 /* HomeView.swift in Sources */ = {isa = PBXBuildFile; fileRef = 259E81E82CCB864200D63747 /* HomeView.swift */; };
		259E81EB2CCB865300D63747 /* HomeViewController.swift in Sources */ = {isa = PBXBuildFile; fileRef = 259E81EA2CCB865300D63747 /* HomeViewController.swift */; };
		259E81F12CCCE25900D63747 /* UITabBarController+Appearance.swift in Sources */ = {isa = PBXBuildFile; fileRef = 259E81F02CCCE25900D63747 /* UITabBarController+Appearance.swift */; };
		259E81FC2CCCE74200D63747 /* SearchViewController.swift in Sources */ = {isa = PBXBuildFile; fileRef = 259E81FB2CCCE74200D63747 /* SearchViewController.swift */; };
		259E81FE2CCCE77100D63747 /* RecommendHomeViewController.swift in Sources */ = {isa = PBXBuildFile; fileRef = 259E81FD2CCCE77100D63747 /* RecommendHomeViewController.swift */; };
		259E82002CCCE78400D63747 /* MyPageViewController.swift in Sources */ = {isa = PBXBuildFile; fileRef = 259E81FF2CCCE78400D63747 /* MyPageViewController.swift */; };
		259E82092CCE801300D63747 /* UserNetworkManager.swift in Sources */ = {isa = PBXBuildFile; fileRef = 259E82082CCE801300D63747 /* UserNetworkManager.swift */; };
		259E820B2CCE80E800D63747 /* UserNetwork.swift in Sources */ = {isa = PBXBuildFile; fileRef = 259E820A2CCE80E800D63747 /* UserNetwork.swift */; };
		259E82112CCE87DA00D63747 /* UserRepository.swift in Sources */ = {isa = PBXBuildFile; fileRef = 259E82102CCE87DA00D63747 /* UserRepository.swift */; };
		259F41C72CF7957F002CB66E /* ProfileView.swift in Sources */ = {isa = PBXBuildFile; fileRef = 259F41C62CF7957F002CB66E /* ProfileView.swift */; };
		259F41C92CF79750002CB66E /* ProfileViewController.swift in Sources */ = {isa = PBXBuildFile; fileRef = 259F41C82CF79750002CB66E /* ProfileViewController.swift */; };
		25A841972CE672DF002C64DD /* RecommendEvaluateView.swift in Sources */ = {isa = PBXBuildFile; fileRef = 25A841962CE672DF002C64DD /* RecommendEvaluateView.swift */; };
		25A841992CE67756002C64DD /* RecommendEvaluateViewController.swift in Sources */ = {isa = PBXBuildFile; fileRef = 25A841982CE67756002C64DD /* RecommendEvaluateViewController.swift */; };
		25A8419B2CE69592002C64DD /* RecommendEvaluateViewModel.swift in Sources */ = {isa = PBXBuildFile; fileRef = 25A8419A2CE69592002C64DD /* RecommendEvaluateViewModel.swift */; };
		25A8419E2CE7BA04002C64DD /* HomeViewModel.swift in Sources */ = {isa = PBXBuildFile; fileRef = 25A8419D2CE7BA04002C64DD /* HomeViewModel.swift */; };
		25A841AB2CEA683E002C64DD /* WeatherView.swift in Sources */ = {isa = PBXBuildFile; fileRef = 25A841AA2CEA683E002C64DD /* WeatherView.swift */; };
		25A841AD2CEA684A002C64DD /* WeatherViewController.swift in Sources */ = {isa = PBXBuildFile; fileRef = 25A841AC2CEA684A002C64DD /* WeatherViewController.swift */; };
		25A841AF2CEA6854002C64DD /* WeatherViewModel.swift in Sources */ = {isa = PBXBuildFile; fileRef = 25A841AE2CEA6854002C64DD /* WeatherViewModel.swift */; };
		25A955A42CDFCD72001213CB /* RealmDB.swift in Sources */ = {isa = PBXBuildFile; fileRef = 25A955A32CDFCD72001213CB /* RealmDB.swift */; };
		25A955A62CDFEB91001213CB /* RecommendRepository.swift in Sources */ = {isa = PBXBuildFile; fileRef = 25A955A52CDFEB91001213CB /* RecommendRepository.swift */; };
		25A955A82CDFEDDB001213CB /* RecommendRepositoryProtocol.swift in Sources */ = {isa = PBXBuildFile; fileRef = 25A955A72CDFEDDB001213CB /* RecommendRepositoryProtocol.swift */; };
		25A955AA2CDFF460001213CB /* RecommendUseCase.swift in Sources */ = {isa = PBXBuildFile; fileRef = 25A955A92CDFF460001213CB /* RecommendUseCase.swift */; };
		25BE34222CED0919005617DC /* LiquorNetwork.swift in Sources */ = {isa = PBXBuildFile; fileRef = 25BE34212CED0919005617DC /* LiquorNetwork.swift */; };
		25BE34242CED0923005617DC /* LiquorNetworkManager.swift in Sources */ = {isa = PBXBuildFile; fileRef = 25BE34232CED0923005617DC /* LiquorNetworkManager.swift */; };
		25BE34262CED0E2C005617DC /* LiquorRepository.swift in Sources */ = {isa = PBXBuildFile; fileRef = 25BE34252CED0E2C005617DC /* LiquorRepository.swift */; };
		25BE34282CED0EA5005617DC /* LiquorRepositoryProtocol.swift in Sources */ = {isa = PBXBuildFile; fileRef = 25BE34272CED0EA5005617DC /* LiquorRepositoryProtocol.swift */; };
		25BE342A2CED10AA005617DC /* CategoryUseCase.swift in Sources */ = {isa = PBXBuildFile; fileRef = 25BE34292CED10AA005617DC /* CategoryUseCase.swift */; };
		25BE342C2CEE1382005617DC /* cheersLottie.json in Resources */ = {isa = PBXBuildFile; fileRef = 25BE342B2CEE1382005617DC /* cheersLottie.json */; };
		25BE342E2CEE6B35005617DC /* SearchView.swift in Sources */ = {isa = PBXBuildFile; fileRef = 25BE342D2CEE6B35005617DC /* SearchView.swift */; };
		25BE34302CF07ED5005617DC /* SearchUseCase.swift in Sources */ = {isa = PBXBuildFile; fileRef = 25BE342F2CF07ED5005617DC /* SearchUseCase.swift */; };
		25BE34322CF3303A005617DC /* KeyChainManager.swift in Sources */ = {isa = PBXBuildFile; fileRef = 25BE34312CF3303A005617DC /* KeyChainManager.swift */; };
		25BE34342CF3718A005617DC /* AuthInterceptor.swift in Sources */ = {isa = PBXBuildFile; fileRef = 25BE34332CF3718A005617DC /* AuthInterceptor.swift */; };
		25BE34382CF45916005617DC /* MyPageView.swift in Sources */ = {isa = PBXBuildFile; fileRef = 25BE34372CF45916005617DC /* MyPageView.swift */; };
		25BE343A2CF497AD005617DC /* MyPageViewModel.swift in Sources */ = {isa = PBXBuildFile; fileRef = 25BE34392CF497AD005617DC /* MyPageViewModel.swift */; };
		25CE488A2D04CF6D00B50A9F /* CategoryCollectionViewCell.swift in Sources */ = {isa = PBXBuildFile; fileRef = 25CE48892D04CF6D00B50A9F /* CategoryCollectionViewCell.swift */; };
		25CFEF132CD8BE5100083081 /* Enum.swift in Sources */ = {isa = PBXBuildFile; fileRef = 25CFEF122CD8BE5100083081 /* Enum.swift */; };
		25CFEF152CD8F26200083081 /* RecommendHomeView.swift in Sources */ = {isa = PBXBuildFile; fileRef = 25CFEF142CD8F26200083081 /* RecommendHomeView.swift */; };
		25CFEF172CD8F27400083081 /* RecommendSelectionViewModel.swift in Sources */ = {isa = PBXBuildFile; fileRef = 25CFEF162CD8F27400083081 /* RecommendSelectionViewModel.swift */; };
		25CFEF1D2CD9528B00083081 /* RecommendSelectionView.swift in Sources */ = {isa = PBXBuildFile; fileRef = 25CFEF1C2CD9528B00083081 /* RecommendSelectionView.swift */; };
		25CFEF1F2CD9529B00083081 /* RecommendSelectionViewController.swift in Sources */ = {isa = PBXBuildFile; fileRef = 25CFEF1E2CD9529B00083081 /* RecommendSelectionViewController.swift */; };
		25CFEF212CDA7E5800083081 /* MainTabBarController.swift in Sources */ = {isa = PBXBuildFile; fileRef = 25CFEF202CDA7E5800083081 /* MainTabBarController.swift */; };
		25CFEF252CDA933D00083081 /* RecommendSelectionTableViewCell.swift in Sources */ = {isa = PBXBuildFile; fileRef = 25CFEF242CDA933D00083081 /* RecommendSelectionTableViewCell.swift */; };
		25CFEF272CDB4AC800083081 /* Selection.swift in Sources */ = {isa = PBXBuildFile; fileRef = 25CFEF262CDB4AC800083081 /* Selection.swift */; };
		25CFEF312CDDF5CC00083081 /* UIView+Shadow.swift in Sources */ = {isa = PBXBuildFile; fileRef = 25CFEF302CDDF5CC00083081 /* UIView+Shadow.swift */; };
		25D570B72CFC8CA400815145 /* LaunchScreen.storyboard in Resources */ = {isa = PBXBuildFile; fileRef = 25D570B62CFC8CA400815145 /* LaunchScreen.storyboard */; };
		25D570B92CFCB53900815145 /* PopUpView.swift in Sources */ = {isa = PBXBuildFile; fileRef = 25D570B82CFCB53900815145 /* PopUpView.swift */; };
		25D570BB2CFCBB1800815145 /* PopUpViewController.swift in Sources */ = {isa = PBXBuildFile; fileRef = 25D570BA2CFCBB1800815145 /* PopUpViewController.swift */; };
		25F428802CD4C0F60044240C /* User.swift in Sources */ = {isa = PBXBuildFile; fileRef = 25F4287F2CD4C0F60044240C /* User.swift */; };
		25F428882CD633770044240C /* UserRepositoryProtocol.swift in Sources */ = {isa = PBXBuildFile; fileRef = 25F428872CD633770044240C /* UserRepositoryProtocol.swift */; };
		25F4288A2CD6390F0044240C /* UserUseCase.swift in Sources */ = {isa = PBXBuildFile; fileRef = 25F428892CD6390F0044240C /* UserUseCase.swift */; };
		8DEC78756533189224B2F558 /* Pods_CheersMate_CheersMateUITests.framework in Frameworks */ = {isa = PBXBuildFile; fileRef = 5EC0DE572DF4C071B53BF062 /* Pods_CheersMate_CheersMateUITests.framework */; };
		926EE3D265AE0A8B0B1B2833 /* Pods_CheersMateTests.framework in Frameworks */ = {isa = PBXBuildFile; fileRef = 1E2BDC45497AA9C950F7AF14 /* Pods_CheersMateTests.framework */; };
		CFCCF165C666FFA7BDD780EF /* Pods_CheersMate.framework in Frameworks */ = {isa = PBXBuildFile; fileRef = A1331E1F631CE7F8EE164C7E /* Pods_CheersMate.framework */; };
/* End PBXBuildFile section */

/* Begin PBXContainerItemProxy section */
		255B961F2CBE4EA600D6AC8E /* PBXContainerItemProxy */ = {
			isa = PBXContainerItemProxy;
			containerPortal = 255B95FD2CBE4EA500D6AC8E /* Project object */;
			proxyType = 1;
			remoteGlobalIDString = 255B96042CBE4EA500D6AC8E;
			remoteInfo = CheersMate;
		};
		255B96292CBE4EA600D6AC8E /* PBXContainerItemProxy */ = {
			isa = PBXContainerItemProxy;
			containerPortal = 255B95FD2CBE4EA500D6AC8E /* Project object */;
			proxyType = 1;
			remoteGlobalIDString = 255B96042CBE4EA500D6AC8E;
			remoteInfo = CheersMate;
		};
/* End PBXContainerItemProxy section */

/* Begin PBXFileReference section */
		1E2BDC45497AA9C950F7AF14 /* Pods_CheersMateTests.framework */ = {isa = PBXFileReference; explicitFileType = wrapper.framework; includeInIndex = 0; path = Pods_CheersMateTests.framework; sourceTree = BUILT_PRODUCTS_DIR; };
		251DBE802CE2338100258E49 /* Haptics.swift */ = {isa = PBXFileReference; lastKnownFileType = sourcecode.swift; path = Haptics.swift; sourceTree = "<group>"; };
		251DBE822CE263E300258E49 /* RecommendResultView.swift */ = {isa = PBXFileReference; lastKnownFileType = sourcecode.swift; path = RecommendResultView.swift; sourceTree = "<group>"; };
		251DBE842CE2640300258E49 /* RecommendResultViewController.swift */ = {isa = PBXFileReference; lastKnownFileType = sourcecode.swift; path = RecommendResultViewController.swift; sourceTree = "<group>"; };
		251DBE862CE2640F00258E49 /* SearchViewModel.swift */ = {isa = PBXFileReference; lastKnownFileType = sourcecode.swift; path = SearchViewModel.swift; sourceTree = "<group>"; };
		251DBE882CE39F0800258E49 /* Recommend.swift */ = {isa = PBXFileReference; lastKnownFileType = sourcecode.swift; path = Recommend.swift; sourceTree = "<group>"; };
		251DBE8A2CE39FFC00258E49 /* Food.swift */ = {isa = PBXFileReference; lastKnownFileType = sourcecode.swift; path = Food.swift; sourceTree = "<group>"; };
		251DBE922CE4D44600258E49 /* RecommendFoodCollectionViewCell.swift */ = {isa = PBXFileReference; lastKnownFileType = sourcecode.swift; path = RecommendFoodCollectionViewCell.swift; sourceTree = "<group>"; };
		251DBE942CE501DD00258E49 /* TitleHeaderView.swift */ = {isa = PBXFileReference; lastKnownFileType = sourcecode.swift; path = TitleHeaderView.swift; sourceTree = "<group>"; };
		252D0B4C2D0A0E61005795D7 /* DecorationView.swift */ = {isa = PBXFileReference; lastKnownFileType = sourcecode.swift; path = DecorationView.swift; sourceTree = "<group>"; };
		253B1B722CC4097800F7DBF9 /* GmarketSansBold.otf */ = {isa = PBXFileReference; lastKnownFileType = file; path = GmarketSansBold.otf; sourceTree = "<group>"; };
		253B1B732CC4097800F7DBF9 /* GmarketSansLight.otf */ = {isa = PBXFileReference; lastKnownFileType = file; path = GmarketSansLight.otf; sourceTree = "<group>"; };
		253B1B742CC4097800F7DBF9 /* GmarketSansMedium.otf */ = {isa = PBXFileReference; lastKnownFileType = file; path = GmarketSansMedium.otf; sourceTree = "<group>"; };
		253B1B7D2CC40DC200F7DBF9 /* UIFont+CustomFont.swift */ = {isa = PBXFileReference; lastKnownFileType = sourcecode.swift; path = "UIFont+CustomFont.swift"; sourceTree = "<group>"; };
		253B1B7F2CC40F7C00F7DBF9 /* UIColor+CustomColor.swift */ = {isa = PBXFileReference; lastKnownFileType = sourcecode.swift; path = "UIColor+CustomColor.swift"; sourceTree = "<group>"; };
		253B1B882CC506D200F7DBF9 /* Pretendard-Medium.otf */ = {isa = PBXFileReference; lastKnownFileType = file; path = "Pretendard-Medium.otf"; sourceTree = "<group>"; };
		253B1B892CC506D200F7DBF9 /* Pretendard-Regular.otf */ = {isa = PBXFileReference; lastKnownFileType = file; path = "Pretendard-Regular.otf"; sourceTree = "<group>"; };
		253B1B8A2CC506D200F7DBF9 /* Pretendard-SemiBold.otf */ = {isa = PBXFileReference; lastKnownFileType = file; path = "Pretendard-SemiBold.otf"; sourceTree = "<group>"; };
		253B1B8E2CC51D4700F7DBF9 /* UIViewController+customHideKeyboard.swift */ = {isa = PBXFileReference; lastKnownFileType = sourcecode.swift; path = "UIViewController+customHideKeyboard.swift"; sourceTree = "<group>"; };
		2554710B2CFA2C2000796279 /* LoginView.swift */ = {isa = PBXFileReference; lastKnownFileType = sourcecode.swift; path = LoginView.swift; sourceTree = "<group>"; };
		2554710D2CFA2C2B00796279 /* LoginViewController.swift */ = {isa = PBXFileReference; lastKnownFileType = sourcecode.swift; path = LoginViewController.swift; sourceTree = "<group>"; };
		255B96052CBE4EA500D6AC8E /* CheersMate.app */ = {isa = PBXFileReference; explicitFileType = wrapper.application; includeInIndex = 0; path = CheersMate.app; sourceTree = BUILT_PRODUCTS_DIR; };
		255B961E2CBE4EA600D6AC8E /* CheersMateTests.xctest */ = {isa = PBXFileReference; explicitFileType = wrapper.cfbundle; includeInIndex = 0; path = CheersMateTests.xctest; sourceTree = BUILT_PRODUCTS_DIR; };
		255B96282CBE4EA600D6AC8E /* CheersMateUITests.xctest */ = {isa = PBXFileReference; explicitFileType = wrapper.cfbundle; includeInIndex = 0; path = CheersMateUITests.xctest; sourceTree = BUILT_PRODUCTS_DIR; };
		255B96552CBE4FF400D6AC8E /* AppDelegate.swift */ = {isa = PBXFileReference; lastKnownFileType = sourcecode.swift; path = AppDelegate.swift; sourceTree = "<group>"; };
		255B96562CBE4FF400D6AC8E /* Assets.xcassets */ = {isa = PBXFileReference; lastKnownFileType = folder.assetcatalog; path = Assets.xcassets; sourceTree = "<group>"; };
		255B96582CBE4FF400D6AC8E /* Info.plist */ = {isa = PBXFileReference; lastKnownFileType = text.plist.xml; path = Info.plist; sourceTree = "<group>"; };
		255B965D2CBE4FF400D6AC8E /* SceneDelegate.swift */ = {isa = PBXFileReference; lastKnownFileType = sourcecode.swift; path = SceneDelegate.swift; sourceTree = "<group>"; };
		255B96602CBE4FF400D6AC8E /* CheersMate.xcdatamodel */ = {isa = PBXFileReference; lastKnownFileType = wrapper.xcdatamodel; path = CheersMate.xcdatamodel; sourceTree = "<group>"; };
		2567CF402CE5307D00FB8860 /* RecommendResultViewModel.swift */ = {isa = PBXFileReference; lastKnownFileType = sourcecode.swift; path = RecommendResultViewModel.swift; sourceTree = "<group>"; };
		2567F07C2D0C496100E5763C /* Moneygraphy-Rounded.otf */ = {isa = PBXFileReference; lastKnownFileType = file; path = "Moneygraphy-Rounded.otf"; sourceTree = "<group>"; };
		2571BA3F2CEB2A0900D61D70 /* WeatherNetworkManager.swift */ = {isa = PBXFileReference; lastKnownFileType = sourcecode.swift; path = WeatherNetworkManager.swift; sourceTree = "<group>"; };
		2571BA412CEB2A1500D61D70 /* WeatherNetwork.swift */ = {isa = PBXFileReference; lastKnownFileType = sourcecode.swift; path = WeatherNetwork.swift; sourceTree = "<group>"; };
		2571BA432CEB35C400D61D70 /* Weather.swift */ = {isa = PBXFileReference; lastKnownFileType = sourcecode.swift; path = Weather.swift; sourceTree = "<group>"; };
		2571BA452CEB3AD100D61D70 /* WeatherRepository.swift */ = {isa = PBXFileReference; lastKnownFileType = sourcecode.swift; path = WeatherRepository.swift; sourceTree = "<group>"; };
		2571BA472CEB3B5200D61D70 /* WeatherRepositoryProtocol.swift */ = {isa = PBXFileReference; lastKnownFileType = sourcecode.swift; path = WeatherRepositoryProtocol.swift; sourceTree = "<group>"; };
		2571BA4C2CEB40E200D61D70 /* WeatherUseCase.swift */ = {isa = PBXFileReference; lastKnownFileType = sourcecode.swift; path = WeatherUseCase.swift; sourceTree = "<group>"; };
		2571BA512CEC672300D61D70 /* ProductListViewModel.swift */ = {isa = PBXFileReference; lastKnownFileType = sourcecode.swift; path = ProductListViewModel.swift; sourceTree = "<group>"; };
		2571BA532CEC673500D61D70 /* ProductListView.swift */ = {isa = PBXFileReference; lastKnownFileType = sourcecode.swift; path = ProductListView.swift; sourceTree = "<group>"; };
		2571BA552CEC675A00D61D70 /* ProductListViewController.swift */ = {isa = PBXFileReference; lastKnownFileType = sourcecode.swift; path = ProductListViewController.swift; sourceTree = "<group>"; };
		2571BA572CEC69C800D61D70 /* CategoryTabmanViewCotroller.swift */ = {isa = PBXFileReference; lastKnownFileType = sourcecode.swift; path = CategoryTabmanViewCotroller.swift; sourceTree = "<group>"; };
		2571BA5A2CEC94EB00D61D70 /* ProductCollectionViewCell.swift */ = {isa = PBXFileReference; lastKnownFileType = sourcecode.swift; path = ProductCollectionViewCell.swift; sourceTree = "<group>"; };
		25737D662CDE7487004E9F6B /* RecommendNetworkManager.swift */ = {isa = PBXFileReference; lastKnownFileType = sourcecode.swift; path = RecommendNetworkManager.swift; sourceTree = "<group>"; };
		25737D682CDE7496004E9F6B /* RecommendNetwork.swift */ = {isa = PBXFileReference; lastKnownFileType = sourcecode.swift; path = RecommendNetwork.swift; sourceTree = "<group>"; };
		25737D6A2CDE7882004E9F6B /* Object.swift */ = {isa = PBXFileReference; lastKnownFileType = sourcecode.swift; path = Object.swift; sourceTree = "<group>"; };
		25737D742CDE9CE9004E9F6B /* Liquor.swift */ = {isa = PBXFileReference; lastKnownFileType = sourcecode.swift; path = Liquor.swift; sourceTree = "<group>"; };
		2573BE542D7609910014F2FF /* LoginViewModel.swift */ = {isa = PBXFileReference; lastKnownFileType = sourcecode.swift; path = LoginViewModel.swift; sourceTree = "<group>"; };
		258936902CF64D880017B9F6 /* SettingTableViewCell.swift */ = {isa = PBXFileReference; lastKnownFileType = sourcecode.swift; path = SettingTableViewCell.swift; sourceTree = "<group>"; };
		259E81C02CC9793000D63747 /* UITextField+ToolBar.swift */ = {isa = PBXFileReference; lastKnownFileType = sourcecode.swift; path = "UITextField+ToolBar.swift"; sourceTree = "<group>"; };
		259E81CA2CCA78AF00D63747 /* UILabel+Spacing.swift */ = {isa = PBXFileReference; lastKnownFileType = sourcecode.swift; path = "UILabel+Spacing.swift"; sourceTree = "<group>"; };
		259E81D82CCAAE7500D63747 /* UINavigationController+Appearance.swift */ = {isa = PBXFileReference; lastKnownFileType = sourcecode.swift; path = "UINavigationController+Appearance.swift"; sourceTree = "<group>"; };
		259E81E82CCB864200D63747 /* HomeView.swift */ = {isa = PBXFileReference; lastKnownFileType = sourcecode.swift; path = HomeView.swift; sourceTree = "<group>"; };
		259E81EA2CCB865300D63747 /* HomeViewController.swift */ = {isa = PBXFileReference; lastKnownFileType = sourcecode.swift; path = HomeViewController.swift; sourceTree = "<group>"; };
		259E81F02CCCE25900D63747 /* UITabBarController+Appearance.swift */ = {isa = PBXFileReference; lastKnownFileType = sourcecode.swift; path = "UITabBarController+Appearance.swift"; sourceTree = "<group>"; };
		259E81FB2CCCE74200D63747 /* SearchViewController.swift */ = {isa = PBXFileReference; lastKnownFileType = sourcecode.swift; path = SearchViewController.swift; sourceTree = "<group>"; };
		259E81FD2CCCE77100D63747 /* RecommendHomeViewController.swift */ = {isa = PBXFileReference; lastKnownFileType = sourcecode.swift; path = RecommendHomeViewController.swift; sourceTree = "<group>"; };
		259E81FF2CCCE78400D63747 /* MyPageViewController.swift */ = {isa = PBXFileReference; lastKnownFileType = sourcecode.swift; path = MyPageViewController.swift; sourceTree = "<group>"; };
		259E82082CCE801300D63747 /* UserNetworkManager.swift */ = {isa = PBXFileReference; lastKnownFileType = sourcecode.swift; path = UserNetworkManager.swift; sourceTree = "<group>"; };
		259E820A2CCE80E800D63747 /* UserNetwork.swift */ = {isa = PBXFileReference; lastKnownFileType = sourcecode.swift; path = UserNetwork.swift; sourceTree = "<group>"; };
		259E82102CCE87DA00D63747 /* UserRepository.swift */ = {isa = PBXFileReference; lastKnownFileType = sourcecode.swift; path = UserRepository.swift; sourceTree = "<group>"; };
		259F41C62CF7957F002CB66E /* ProfileView.swift */ = {isa = PBXFileReference; lastKnownFileType = sourcecode.swift; path = ProfileView.swift; sourceTree = "<group>"; };
		259F41C82CF79750002CB66E /* ProfileViewController.swift */ = {isa = PBXFileReference; lastKnownFileType = sourcecode.swift; path = ProfileViewController.swift; sourceTree = "<group>"; };
		25A841962CE672DF002C64DD /* RecommendEvaluateView.swift */ = {isa = PBXFileReference; lastKnownFileType = sourcecode.swift; path = RecommendEvaluateView.swift; sourceTree = "<group>"; };
		25A841982CE67756002C64DD /* RecommendEvaluateViewController.swift */ = {isa = PBXFileReference; lastKnownFileType = sourcecode.swift; path = RecommendEvaluateViewController.swift; sourceTree = "<group>"; };
		25A8419A2CE69592002C64DD /* RecommendEvaluateViewModel.swift */ = {isa = PBXFileReference; lastKnownFileType = sourcecode.swift; path = RecommendEvaluateViewModel.swift; sourceTree = "<group>"; };
		25A8419D2CE7BA04002C64DD /* HomeViewModel.swift */ = {isa = PBXFileReference; lastKnownFileType = sourcecode.swift; path = HomeViewModel.swift; sourceTree = "<group>"; };
		25A841AA2CEA683E002C64DD /* WeatherView.swift */ = {isa = PBXFileReference; lastKnownFileType = sourcecode.swift; path = WeatherView.swift; sourceTree = "<group>"; };
		25A841AC2CEA684A002C64DD /* WeatherViewController.swift */ = {isa = PBXFileReference; lastKnownFileType = sourcecode.swift; path = WeatherViewController.swift; sourceTree = "<group>"; };
		25A841AE2CEA6854002C64DD /* WeatherViewModel.swift */ = {isa = PBXFileReference; lastKnownFileType = sourcecode.swift; path = WeatherViewModel.swift; sourceTree = "<group>"; };
		25A955A32CDFCD72001213CB /* RealmDB.swift */ = {isa = PBXFileReference; lastKnownFileType = sourcecode.swift; path = RealmDB.swift; sourceTree = "<group>"; };
		25A955A52CDFEB91001213CB /* RecommendRepository.swift */ = {isa = PBXFileReference; lastKnownFileType = sourcecode.swift; path = RecommendRepository.swift; sourceTree = "<group>"; };
		25A955A72CDFEDDB001213CB /* RecommendRepositoryProtocol.swift */ = {isa = PBXFileReference; lastKnownFileType = sourcecode.swift; path = RecommendRepositoryProtocol.swift; sourceTree = "<group>"; };
		25A955A92CDFF460001213CB /* RecommendUseCase.swift */ = {isa = PBXFileReference; lastKnownFileType = sourcecode.swift; path = RecommendUseCase.swift; sourceTree = "<group>"; };
		25BE34212CED0919005617DC /* LiquorNetwork.swift */ = {isa = PBXFileReference; lastKnownFileType = sourcecode.swift; path = LiquorNetwork.swift; sourceTree = "<group>"; };
		25BE34232CED0923005617DC /* LiquorNetworkManager.swift */ = {isa = PBXFileReference; lastKnownFileType = sourcecode.swift; path = LiquorNetworkManager.swift; sourceTree = "<group>"; };
		25BE34252CED0E2C005617DC /* LiquorRepository.swift */ = {isa = PBXFileReference; lastKnownFileType = sourcecode.swift; path = LiquorRepository.swift; sourceTree = "<group>"; };
		25BE34272CED0EA5005617DC /* LiquorRepositoryProtocol.swift */ = {isa = PBXFileReference; lastKnownFileType = sourcecode.swift; path = LiquorRepositoryProtocol.swift; sourceTree = "<group>"; };
		25BE34292CED10AA005617DC /* CategoryUseCase.swift */ = {isa = PBXFileReference; lastKnownFileType = sourcecode.swift; path = CategoryUseCase.swift; sourceTree = "<group>"; };
		25BE342B2CEE1382005617DC /* cheersLottie.json */ = {isa = PBXFileReference; lastKnownFileType = text.json; path = cheersLottie.json; sourceTree = "<group>"; };
		25BE342D2CEE6B35005617DC /* SearchView.swift */ = {isa = PBXFileReference; lastKnownFileType = sourcecode.swift; path = SearchView.swift; sourceTree = "<group>"; };
		25BE342F2CF07ED5005617DC /* SearchUseCase.swift */ = {isa = PBXFileReference; lastKnownFileType = sourcecode.swift; path = SearchUseCase.swift; sourceTree = "<group>"; };
		25BE34312CF3303A005617DC /* KeyChainManager.swift */ = {isa = PBXFileReference; lastKnownFileType = sourcecode.swift; path = KeyChainManager.swift; sourceTree = "<group>"; };
		25BE34332CF3718A005617DC /* AuthInterceptor.swift */ = {isa = PBXFileReference; lastKnownFileType = sourcecode.swift; path = AuthInterceptor.swift; sourceTree = "<group>"; };
		25BE34372CF45916005617DC /* MyPageView.swift */ = {isa = PBXFileReference; lastKnownFileType = sourcecode.swift; path = MyPageView.swift; sourceTree = "<group>"; };
		25BE34392CF497AD005617DC /* MyPageViewModel.swift */ = {isa = PBXFileReference; lastKnownFileType = sourcecode.swift; path = MyPageViewModel.swift; sourceTree = "<group>"; };
		25CE48892D04CF6D00B50A9F /* CategoryCollectionViewCell.swift */ = {isa = PBXFileReference; lastKnownFileType = sourcecode.swift; path = CategoryCollectionViewCell.swift; sourceTree = "<group>"; };
		25CFEF122CD8BE5100083081 /* Enum.swift */ = {isa = PBXFileReference; lastKnownFileType = sourcecode.swift; path = Enum.swift; sourceTree = "<group>"; };
		25CFEF142CD8F26200083081 /* RecommendHomeView.swift */ = {isa = PBXFileReference; lastKnownFileType = sourcecode.swift; path = RecommendHomeView.swift; sourceTree = "<group>"; };
		25CFEF162CD8F27400083081 /* RecommendSelectionViewModel.swift */ = {isa = PBXFileReference; lastKnownFileType = sourcecode.swift; path = RecommendSelectionViewModel.swift; sourceTree = "<group>"; };
		25CFEF1C2CD9528B00083081 /* RecommendSelectionView.swift */ = {isa = PBXFileReference; lastKnownFileType = sourcecode.swift; path = RecommendSelectionView.swift; sourceTree = "<group>"; };
		25CFEF1E2CD9529B00083081 /* RecommendSelectionViewController.swift */ = {isa = PBXFileReference; lastKnownFileType = sourcecode.swift; path = RecommendSelectionViewController.swift; sourceTree = "<group>"; };
		25CFEF202CDA7E5800083081 /* MainTabBarController.swift */ = {isa = PBXFileReference; lastKnownFileType = sourcecode.swift; path = MainTabBarController.swift; sourceTree = "<group>"; };
		25CFEF242CDA933D00083081 /* RecommendSelectionTableViewCell.swift */ = {isa = PBXFileReference; lastKnownFileType = sourcecode.swift; path = RecommendSelectionTableViewCell.swift; sourceTree = "<group>"; };
		25CFEF262CDB4AC800083081 /* Selection.swift */ = {isa = PBXFileReference; lastKnownFileType = sourcecode.swift; path = Selection.swift; sourceTree = "<group>"; };
		25CFEF302CDDF5CC00083081 /* UIView+Shadow.swift */ = {isa = PBXFileReference; lastKnownFileType = sourcecode.swift; path = "UIView+Shadow.swift"; sourceTree = "<group>"; };
		25D570B62CFC8CA400815145 /* LaunchScreen.storyboard */ = {isa = PBXFileReference; lastKnownFileType = file.storyboard; path = LaunchScreen.storyboard; sourceTree = "<group>"; };
		25D570B82CFCB53900815145 /* PopUpView.swift */ = {isa = PBXFileReference; lastKnownFileType = sourcecode.swift; path = PopUpView.swift; sourceTree = "<group>"; };
		25D570BA2CFCBB1800815145 /* PopUpViewController.swift */ = {isa = PBXFileReference; lastKnownFileType = sourcecode.swift; path = PopUpViewController.swift; sourceTree = "<group>"; };
		25F4287F2CD4C0F60044240C /* User.swift */ = {isa = PBXFileReference; lastKnownFileType = sourcecode.swift; path = User.swift; sourceTree = "<group>"; };
		25F428872CD633770044240C /* UserRepositoryProtocol.swift */ = {isa = PBXFileReference; lastKnownFileType = sourcecode.swift; path = UserRepositoryProtocol.swift; sourceTree = "<group>"; };
		25F428892CD6390F0044240C /* UserUseCase.swift */ = {isa = PBXFileReference; lastKnownFileType = sourcecode.swift; path = UserUseCase.swift; sourceTree = "<group>"; };
		3BCD95DABEF6D4DE1081BCA5 /* Pods-CheersMateTests.debug.xcconfig */ = {isa = PBXFileReference; includeInIndex = 1; lastKnownFileType = text.xcconfig; name = "Pods-CheersMateTests.debug.xcconfig"; path = "Target Support Files/Pods-CheersMateTests/Pods-CheersMateTests.debug.xcconfig"; sourceTree = "<group>"; };
		5078F39ABD20400EBFFF94A2 /* Pods-CheersMateTests.release.xcconfig */ = {isa = PBXFileReference; includeInIndex = 1; lastKnownFileType = text.xcconfig; name = "Pods-CheersMateTests.release.xcconfig"; path = "Target Support Files/Pods-CheersMateTests/Pods-CheersMateTests.release.xcconfig"; sourceTree = "<group>"; };
		5EC0DE572DF4C071B53BF062 /* Pods_CheersMate_CheersMateUITests.framework */ = {isa = PBXFileReference; explicitFileType = wrapper.framework; includeInIndex = 0; path = Pods_CheersMate_CheersMateUITests.framework; sourceTree = BUILT_PRODUCTS_DIR; };
		692B02A06E2B5A98DB6FF6AB /* Pods-CheersMate.release.xcconfig */ = {isa = PBXFileReference; includeInIndex = 1; lastKnownFileType = text.xcconfig; name = "Pods-CheersMate.release.xcconfig"; path = "Target Support Files/Pods-CheersMate/Pods-CheersMate.release.xcconfig"; sourceTree = "<group>"; };
		73BAE730DD4D08E1ECE1E2A4 /* Pods-CheersMate-CheersMateUITests.debug.xcconfig */ = {isa = PBXFileReference; includeInIndex = 1; lastKnownFileType = text.xcconfig; name = "Pods-CheersMate-CheersMateUITests.debug.xcconfig"; path = "Target Support Files/Pods-CheersMate-CheersMateUITests/Pods-CheersMate-CheersMateUITests.debug.xcconfig"; sourceTree = "<group>"; };
		A1331E1F631CE7F8EE164C7E /* Pods_CheersMate.framework */ = {isa = PBXFileReference; explicitFileType = wrapper.framework; includeInIndex = 0; path = Pods_CheersMate.framework; sourceTree = BUILT_PRODUCTS_DIR; };
		A8B3E7C59784754F6C5A4F0C /* Pods-CheersMate.debug.xcconfig */ = {isa = PBXFileReference; includeInIndex = 1; lastKnownFileType = text.xcconfig; name = "Pods-CheersMate.debug.xcconfig"; path = "Target Support Files/Pods-CheersMate/Pods-CheersMate.debug.xcconfig"; sourceTree = "<group>"; };
		C5E423002480A204C3D7DE2D /* Pods-CheersMate-CheersMateUITests.release.xcconfig */ = {isa = PBXFileReference; includeInIndex = 1; lastKnownFileType = text.xcconfig; name = "Pods-CheersMate-CheersMateUITests.release.xcconfig"; path = "Target Support Files/Pods-CheersMate-CheersMateUITests/Pods-CheersMate-CheersMateUITests.release.xcconfig"; sourceTree = "<group>"; };
/* End PBXFileReference section */

/* Begin PBXFrameworksBuildPhase section */
		255B96022CBE4EA500D6AC8E /* Frameworks */ = {
			isa = PBXFrameworksBuildPhase;
			buildActionMask = 2147483647;
			files = (
				CFCCF165C666FFA7BDD780EF /* Pods_CheersMate.framework in Frameworks */,
			);
			runOnlyForDeploymentPostprocessing = 0;
		};
		255B961B2CBE4EA600D6AC8E /* Frameworks */ = {
			isa = PBXFrameworksBuildPhase;
			buildActionMask = 2147483647;
			files = (
				926EE3D265AE0A8B0B1B2833 /* Pods_CheersMateTests.framework in Frameworks */,
			);
			runOnlyForDeploymentPostprocessing = 0;
		};
		255B96252CBE4EA600D6AC8E /* Frameworks */ = {
			isa = PBXFrameworksBuildPhase;
			buildActionMask = 2147483647;
			files = (
				8DEC78756533189224B2F558 /* Pods_CheersMate_CheersMateUITests.framework in Frameworks */,
			);
			runOnlyForDeploymentPostprocessing = 0;
		};
/* End PBXFrameworksBuildPhase section */

/* Begin PBXGroup section */
		251DBE7F2CE2336C00258E49 /* Haptics */ = {
			isa = PBXGroup;
			children = (
				251DBE802CE2338100258E49 /* Haptics.swift */,
			);
			path = Haptics;
			sourceTree = "<group>";
		};
		252D0B4A2D0A0C8D005795D7 /* Cell */ = {
			isa = PBXGroup;
			children = (
				251DBE942CE501DD00258E49 /* TitleHeaderView.swift */,
				252D0B4C2D0A0E61005795D7 /* DecorationView.swift */,
				25CE48892D04CF6D00B50A9F /* CategoryCollectionViewCell.swift */,
				25CFEF242CDA933D00083081 /* RecommendSelectionTableViewCell.swift */,
				251DBE922CE4D44600258E49 /* RecommendFoodCollectionViewCell.swift */,
				2571BA5A2CEC94EB00D61D70 /* ProductCollectionViewCell.swift */,
				258936902CF64D880017B9F6 /* SettingTableViewCell.swift */,
			);
			path = Cell;
			sourceTree = "<group>";
		};
		253B1B642CC4037A00F7DBF9 /* Application */ = {
			isa = PBXGroup;
			children = (
				255B96552CBE4FF400D6AC8E /* AppDelegate.swift */,
				255B965D2CBE4FF400D6AC8E /* SceneDelegate.swift */,
				25D570B62CFC8CA400815145 /* LaunchScreen.storyboard */,
				255B96572CBE4FF400D6AC8E /* CheersMate.xcdatamodeld */,
			);
			path = Application;
			sourceTree = "<group>";
		};
		253B1B652CC4039600F7DBF9 /* Domain */ = {
			isa = PBXGroup;
			children = (
				253B1B6A2CC4040C00F7DBF9 /* Interfaces */,
				253B1B692CC4040500F7DBF9 /* UseCases */,
				253B1B672CC403B200F7DBF9 /* Entities */,
			);
			path = Domain;
			sourceTree = "<group>";
		};
		253B1B662CC403A500F7DBF9 /* Presentation */ = {
			isa = PBXGroup;
			children = (
				255471082CFA238100796279 /* LoginScene */,
				259E81E52CCB861900D63747 /* HomeScene */,
				25A8419C2CE7B9B2002C64DD /* WeatherScene */,
				2571BA4E2CEC656E00D61D70 /* CategoryScene */,
				259E81F22CCCE45F00D63747 /* SearchScene */,
				259E81F32CCCE47600D63747 /* RecommendScene */,
				259E81F42CCCE49C00D63747 /* MyPageScene */,
				25D570BC2CFCDE8D00815145 /* ETCScene */,
				252D0B4A2D0A0C8D005795D7 /* Cell */,
			);
			path = Presentation;
			sourceTree = "<group>";
		};
		253B1B672CC403B200F7DBF9 /* Entities */ = {
			isa = PBXGroup;
			children = (
				25F4287F2CD4C0F60044240C /* User.swift */,
				25737D742CDE9CE9004E9F6B /* Liquor.swift */,
				251DBE8A2CE39FFC00258E49 /* Food.swift */,
				251DBE882CE39F0800258E49 /* Recommend.swift */,
				25CFEF262CDB4AC800083081 /* Selection.swift */,
				2571BA432CEB35C400D61D70 /* Weather.swift */,
			);
			path = Entities;
			sourceTree = "<group>";
		};
		253B1B692CC4040500F7DBF9 /* UseCases */ = {
			isa = PBXGroup;
			children = (
				25F428892CD6390F0044240C /* UserUseCase.swift */,
				25A955A92CDFF460001213CB /* RecommendUseCase.swift */,
				2571BA4C2CEB40E200D61D70 /* WeatherUseCase.swift */,
				25BE34292CED10AA005617DC /* CategoryUseCase.swift */,
				25BE342F2CF07ED5005617DC /* SearchUseCase.swift */,
			);
			path = UseCases;
			sourceTree = "<group>";
		};
		253B1B6A2CC4040C00F7DBF9 /* Interfaces */ = {
			isa = PBXGroup;
			children = (
				253B1B6B2CC4042500F7DBF9 /* Repositories */,
			);
			path = Interfaces;
			sourceTree = "<group>";
		};
		253B1B6B2CC4042500F7DBF9 /* Repositories */ = {
			isa = PBXGroup;
			children = (
				25F428872CD633770044240C /* UserRepositoryProtocol.swift */,
				25A955A72CDFEDDB001213CB /* RecommendRepositoryProtocol.swift */,
				2571BA472CEB3B5200D61D70 /* WeatherRepositoryProtocol.swift */,
				25BE34272CED0EA5005617DC /* LiquorRepositoryProtocol.swift */,
			);
			path = Repositories;
			sourceTree = "<group>";
		};
		253B1B6C2CC4044400F7DBF9 /* Data */ = {
			isa = PBXGroup;
			children = (
				253B1B6D2CC4045300F7DBF9 /* Repositories */,
				253B1B6E2CC4045E00F7DBF9 /* Network */,
				25CFEF092CD6B39C00083081 /* KeyChain */,
				253B1B6F2CC4046500F7DBF9 /* PersistentStorages */,
			);
			path = Data;
			sourceTree = "<group>";
		};
		253B1B6D2CC4045300F7DBF9 /* Repositories */ = {
			isa = PBXGroup;
			children = (
				259E82102CCE87DA00D63747 /* UserRepository.swift */,
				2571BA452CEB3AD100D61D70 /* WeatherRepository.swift */,
				25BE34252CED0E2C005617DC /* LiquorRepository.swift */,
				25A955A52CDFEB91001213CB /* RecommendRepository.swift */,
			);
			path = Repositories;
			sourceTree = "<group>";
		};
		253B1B6E2CC4045E00F7DBF9 /* Network */ = {
			isa = PBXGroup;
			children = (
				25737D642CDE7463004E9F6B /* User */,
				2571BA3E2CEB29EC00D61D70 /* Weather */,
				25BE34202CED0905005617DC /* Liquor */,
				25737D652CDE7473004E9F6B /* Recommend */,
				25BE34332CF3718A005617DC /* AuthInterceptor.swift */,
			);
			path = Network;
			sourceTree = "<group>";
		};
		253B1B6F2CC4046500F7DBF9 /* PersistentStorages */ = {
			isa = PBXGroup;
			children = (
				25737D6A2CDE7882004E9F6B /* Object.swift */,
				25A955A32CDFCD72001213CB /* RealmDB.swift */,
			);
			path = PersistentStorages;
			sourceTree = "<group>";
		};
		253B1B702CC4050D00F7DBF9 /* Resources */ = {
			isa = PBXGroup;
			children = (
				253B1B712CC4051A00F7DBF9 /* Fonts */,
				255B96582CBE4FF400D6AC8E /* Info.plist */,
				25BE342B2CEE1382005617DC /* cheersLottie.json */,
				255B96562CBE4FF400D6AC8E /* Assets.xcassets */,
			);
			path = Resources;
			sourceTree = "<group>";
		};
		253B1B712CC4051A00F7DBF9 /* Fonts */ = {
			isa = PBXGroup;
			children = (
				2588604E2D132CB100A6BFD4 /* Moneygraphy */,
				2588604D2D132C9C00A6BFD4 /* GmarketSans */,
				2588604C2D132C8A00A6BFD4 /* Pretendard */,
			);
			path = Fonts;
			sourceTree = "<group>";
		};
		253B1B782CC40B5300F7DBF9 /* Util */ = {
			isa = PBXGroup;
			children = (
				253B1B792CC40C0900F7DBF9 /* Extension */,
				253B1B7A2CC40CC800F7DBF9 /* Constant */,
				251DBE7F2CE2336C00258E49 /* Haptics */,
				259E82012CCD6E9600D63747 /* Error */,
			);
			path = Util;
			sourceTree = "<group>";
		};
		253B1B792CC40C0900F7DBF9 /* Extension */ = {
			isa = PBXGroup;
			children = (
				253B1B7D2CC40DC200F7DBF9 /* UIFont+CustomFont.swift */,
				253B1B7F2CC40F7C00F7DBF9 /* UIColor+CustomColor.swift */,
				259E81CA2CCA78AF00D63747 /* UILabel+Spacing.swift */,
				259E81C02CC9793000D63747 /* UITextField+ToolBar.swift */,
				25CFEF302CDDF5CC00083081 /* UIView+Shadow.swift */,
				253B1B8E2CC51D4700F7DBF9 /* UIViewController+customHideKeyboard.swift */,
				259E81D82CCAAE7500D63747 /* UINavigationController+Appearance.swift */,
				259E81F02CCCE25900D63747 /* UITabBarController+Appearance.swift */,
			);
			path = Extension;
			sourceTree = "<group>";
		};
		253B1B7A2CC40CC800F7DBF9 /* Constant */ = {
			isa = PBXGroup;
			children = (
				25CFEF122CD8BE5100083081 /* Enum.swift */,
			);
			path = Constant;
			sourceTree = "<group>";
		};
		255471082CFA238100796279 /* LoginScene */ = {
			isa = PBXGroup;
			children = (
				255471092CFA23A900796279 /* View */,
				25726D112D76029A0038C845 /* ViewModel */,
			);
			path = LoginScene;
			sourceTree = "<group>";
		};
		255471092CFA23A900796279 /* View */ = {
			isa = PBXGroup;
			children = (
				2554710B2CFA2C2000796279 /* LoginView.swift */,
				2554710D2CFA2C2B00796279 /* LoginViewController.swift */,
			);
			path = View;
			sourceTree = "<group>";
		};
		255B95FC2CBE4EA500D6AC8E = {
			isa = PBXGroup;
			children = (
				255B965F2CBE4FF400D6AC8E /* CheersMate */,
				255B96212CBE4EA600D6AC8E /* CheersMateTests */,
				255B962B2CBE4EA600D6AC8E /* CheersMateUITests */,
				255B96062CBE4EA500D6AC8E /* Products */,
				3D6E19BC6232515134862320 /* Pods */,
				4506163C596DE0D07E2EFDBA /* Frameworks */,
			);
			sourceTree = "<group>";
		};
		255B96062CBE4EA500D6AC8E /* Products */ = {
			isa = PBXGroup;
			children = (
				255B96052CBE4EA500D6AC8E /* CheersMate.app */,
				255B961E2CBE4EA600D6AC8E /* CheersMateTests.xctest */,
				255B96282CBE4EA600D6AC8E /* CheersMateUITests.xctest */,
			);
			name = Products;
			sourceTree = "<group>";
		};
		255B96212CBE4EA600D6AC8E /* CheersMateTests */ = {
			isa = PBXGroup;
			children = (
			);
			path = CheersMateTests;
			sourceTree = "<group>";
		};
		255B962B2CBE4EA600D6AC8E /* CheersMateUITests */ = {
			isa = PBXGroup;
			children = (
			);
			path = CheersMateUITests;
			sourceTree = "<group>";
		};
		255B965F2CBE4FF400D6AC8E /* CheersMate */ = {
			isa = PBXGroup;
			children = (
				253B1B642CC4037A00F7DBF9 /* Application */,
				253B1B662CC403A500F7DBF9 /* Presentation */,
				253B1B652CC4039600F7DBF9 /* Domain */,
				253B1B6C2CC4044400F7DBF9 /* Data */,
				253B1B782CC40B5300F7DBF9 /* Util */,
				253B1B702CC4050D00F7DBF9 /* Resources */,
			);
			path = CheersMate;
			sourceTree = "<group>";
		};
		2571BA3E2CEB29EC00D61D70 /* Weather */ = {
			isa = PBXGroup;
			children = (
				2571BA3F2CEB2A0900D61D70 /* WeatherNetworkManager.swift */,
				2571BA412CEB2A1500D61D70 /* WeatherNetwork.swift */,
			);
			path = Weather;
			sourceTree = "<group>";
		};
		2571BA492CEB3BC800D61D70 /* ViewModel */ = {
			isa = PBXGroup;
			children = (
				25A841AE2CEA6854002C64DD /* WeatherViewModel.swift */,
			);
			path = ViewModel;
			sourceTree = "<group>";
		};
		2571BA4A2CEB3BCF00D61D70 /* View */ = {
			isa = PBXGroup;
			children = (
				25A841AA2CEA683E002C64DD /* WeatherView.swift */,
				25A841AC2CEA684A002C64DD /* WeatherViewController.swift */,
			);
			path = View;
			sourceTree = "<group>";
		};
		2571BA4E2CEC656E00D61D70 /* CategoryScene */ = {
			isa = PBXGroup;
			children = (
				2571BA4F2CEC662300D61D70 /* View */,
				2571BA502CEC662800D61D70 /* ViewModel */,
			);
			path = CategoryScene;
			sourceTree = "<group>";
		};
		2571BA4F2CEC662300D61D70 /* View */ = {
			isa = PBXGroup;
			children = (
				2571BA532CEC673500D61D70 /* ProductListView.swift */,
				2571BA552CEC675A00D61D70 /* ProductListViewController.swift */,
				2571BA572CEC69C800D61D70 /* CategoryTabmanViewCotroller.swift */,
			);
			path = View;
			sourceTree = "<group>";
		};
		2571BA502CEC662800D61D70 /* ViewModel */ = {
			isa = PBXGroup;
			children = (
				2571BA512CEC672300D61D70 /* ProductListViewModel.swift */,
			);
			path = ViewModel;
			sourceTree = "<group>";
		};
		25726D112D76029A0038C845 /* ViewModel */ = {
			isa = PBXGroup;
			children = (
				2573BE542D7609910014F2FF /* LoginViewModel.swift */,
			);
			path = ViewModel;
			sourceTree = "<group>";
		};
		25737D642CDE7463004E9F6B /* User */ = {
			isa = PBXGroup;
			children = (
				259E82082CCE801300D63747 /* UserNetworkManager.swift */,
				259E820A2CCE80E800D63747 /* UserNetwork.swift */,
			);
			path = User;
			sourceTree = "<group>";
		};
		25737D652CDE7473004E9F6B /* Recommend */ = {
			isa = PBXGroup;
			children = (
				25737D662CDE7487004E9F6B /* RecommendNetworkManager.swift */,
				25737D682CDE7496004E9F6B /* RecommendNetwork.swift */,
			);
			path = Recommend;
			sourceTree = "<group>";
		};
		2588604C2D132C8A00A6BFD4 /* Pretendard */ = {
			isa = PBXGroup;
			children = (
				253B1B8A2CC506D200F7DBF9 /* Pretendard-SemiBold.otf */,
				253B1B882CC506D200F7DBF9 /* Pretendard-Medium.otf */,
				253B1B892CC506D200F7DBF9 /* Pretendard-Regular.otf */,
			);
			path = Pretendard;
			sourceTree = "<group>";
		};
		2588604D2D132C9C00A6BFD4 /* GmarketSans */ = {
			isa = PBXGroup;
			children = (
				253B1B722CC4097800F7DBF9 /* GmarketSansBold.otf */,
				253B1B742CC4097800F7DBF9 /* GmarketSansMedium.otf */,
				253B1B732CC4097800F7DBF9 /* GmarketSansLight.otf */,
			);
			path = GmarketSans;
			sourceTree = "<group>";
		};
		2588604E2D132CB100A6BFD4 /* Moneygraphy */ = {
			isa = PBXGroup;
			children = (
				2567F07C2D0C496100E5763C /* Moneygraphy-Rounded.otf */,
			);
			path = Moneygraphy;
			sourceTree = "<group>";
		};
		259E81E52CCB861900D63747 /* HomeScene */ = {
			isa = PBXGroup;
			children = (
				259E81E62CCB862D00D63747 /* View */,
				259E81E72CCB863100D63747 /* ViewModel */,
			);
			path = HomeScene;
			sourceTree = "<group>";
		};
		259E81E62CCB862D00D63747 /* View */ = {
			isa = PBXGroup;
			children = (
				259E81E82CCB864200D63747 /* HomeView.swift */,
				259E81EA2CCB865300D63747 /* HomeViewController.swift */,
			);
			path = View;
			sourceTree = "<group>";
		};
		259E81E72CCB863100D63747 /* ViewModel */ = {
			isa = PBXGroup;
			children = (
				25A8419D2CE7BA04002C64DD /* HomeViewModel.swift */,
			);
			path = ViewModel;
			sourceTree = "<group>";
		};
		259E81F22CCCE45F00D63747 /* SearchScene */ = {
			isa = PBXGroup;
			children = (
				259E81F62CCCE6EA00D63747 /* View */,
				259E81F52CCCE6D200D63747 /* ViewModel */,
			);
			path = SearchScene;
			sourceTree = "<group>";
		};
		259E81F32CCCE47600D63747 /* RecommendScene */ = {
			isa = PBXGroup;
			children = (
				259E81F82CCCE6FA00D63747 /* View */,
				259E81F72CCCE6F200D63747 /* ViewModel */,
			);
			path = RecommendScene;
			sourceTree = "<group>";
		};
		259E81F42CCCE49C00D63747 /* MyPageScene */ = {
			isa = PBXGroup;
			children = (
				259E81FA2CCCE70200D63747 /* View */,
				259E81F92CCCE6FD00D63747 /* ViewModel */,
			);
			path = MyPageScene;
			sourceTree = "<group>";
		};
		259E81F52CCCE6D200D63747 /* ViewModel */ = {
			isa = PBXGroup;
			children = (
				251DBE862CE2640F00258E49 /* SearchViewModel.swift */,
			);
			path = ViewModel;
			sourceTree = "<group>";
		};
		259E81F62CCCE6EA00D63747 /* View */ = {
			isa = PBXGroup;
			children = (
				25BE342D2CEE6B35005617DC /* SearchView.swift */,
				259E81FB2CCCE74200D63747 /* SearchViewController.swift */,
			);
			path = View;
			sourceTree = "<group>";
		};
		259E81F72CCCE6F200D63747 /* ViewModel */ = {
			isa = PBXGroup;
			children = (
				25CFEF162CD8F27400083081 /* RecommendSelectionViewModel.swift */,
				2567CF402CE5307D00FB8860 /* RecommendResultViewModel.swift */,
				25A8419A2CE69592002C64DD /* RecommendEvaluateViewModel.swift */,
			);
			path = ViewModel;
			sourceTree = "<group>";
		};
		259E81F82CCCE6FA00D63747 /* View */ = {
			isa = PBXGroup;
			children = (
				25CFEF142CD8F26200083081 /* RecommendHomeView.swift */,
				259E81FD2CCCE77100D63747 /* RecommendHomeViewController.swift */,
				25CFEF1C2CD9528B00083081 /* RecommendSelectionView.swift */,
				25CFEF1E2CD9529B00083081 /* RecommendSelectionViewController.swift */,
				251DBE822CE263E300258E49 /* RecommendResultView.swift */,
				251DBE842CE2640300258E49 /* RecommendResultViewController.swift */,
				25A841962CE672DF002C64DD /* RecommendEvaluateView.swift */,
				25A841982CE67756002C64DD /* RecommendEvaluateViewController.swift */,
			);
			path = View;
			sourceTree = "<group>";
		};
		259E81F92CCCE6FD00D63747 /* ViewModel */ = {
			isa = PBXGroup;
			children = (
				25BE34392CF497AD005617DC /* MyPageViewModel.swift */,
			);
			path = ViewModel;
			sourceTree = "<group>";
		};
		259E81FA2CCCE70200D63747 /* View */ = {
			isa = PBXGroup;
			children = (
				25BE34372CF45916005617DC /* MyPageView.swift */,
				259E81FF2CCCE78400D63747 /* MyPageViewController.swift */,
				259F41C62CF7957F002CB66E /* ProfileView.swift */,
				259F41C82CF79750002CB66E /* ProfileViewController.swift */,
			);
			path = View;
			sourceTree = "<group>";
		};
		259E82012CCD6E9600D63747 /* Error */ = {
			isa = PBXGroup;
			children = (
			);
			path = Error;
			sourceTree = "<group>";
		};
		25A8419C2CE7B9B2002C64DD /* WeatherScene */ = {
			isa = PBXGroup;
			children = (
				2571BA4A2CEB3BCF00D61D70 /* View */,
				2571BA492CEB3BC800D61D70 /* ViewModel */,
			);
			path = WeatherScene;
			sourceTree = "<group>";
		};
		25BE34202CED0905005617DC /* Liquor */ = {
			isa = PBXGroup;
			children = (
				25BE34232CED0923005617DC /* LiquorNetworkManager.swift */,
				25BE34212CED0919005617DC /* LiquorNetwork.swift */,
			);
			path = Liquor;
			sourceTree = "<group>";
		};
		25CFEF092CD6B39C00083081 /* KeyChain */ = {
			isa = PBXGroup;
			children = (
				25BE34312CF3303A005617DC /* KeyChainManager.swift */,
			);
			path = KeyChain;
			sourceTree = "<group>";
		};
		25CFEF222CDA7EE800083081 /* MainTabBarScene */ = {
			isa = PBXGroup;
			children = (
				25CFEF202CDA7E5800083081 /* MainTabBarController.swift */,
			);
			path = MainTabBarScene;
			sourceTree = "<group>";
		};
		25D570BC2CFCDE8D00815145 /* ETCScene */ = {
			isa = PBXGroup;
			children = (
				25D570BD2CFCDE9C00815145 /* PopUpScene */,
				25CFEF222CDA7EE800083081 /* MainTabBarScene */,
			);
			path = ETCScene;
			sourceTree = "<group>";
		};
		25D570BD2CFCDE9C00815145 /* PopUpScene */ = {
			isa = PBXGroup;
			children = (
				25D570B82CFCB53900815145 /* PopUpView.swift */,
				25D570BA2CFCBB1800815145 /* PopUpViewController.swift */,
			);
			path = PopUpScene;
			sourceTree = "<group>";
		};
		3D6E19BC6232515134862320 /* Pods */ = {
			isa = PBXGroup;
			children = (
				A8B3E7C59784754F6C5A4F0C /* Pods-CheersMate.debug.xcconfig */,
				692B02A06E2B5A98DB6FF6AB /* Pods-CheersMate.release.xcconfig */,
				73BAE730DD4D08E1ECE1E2A4 /* Pods-CheersMate-CheersMateUITests.debug.xcconfig */,
				C5E423002480A204C3D7DE2D /* Pods-CheersMate-CheersMateUITests.release.xcconfig */,
				3BCD95DABEF6D4DE1081BCA5 /* Pods-CheersMateTests.debug.xcconfig */,
				5078F39ABD20400EBFFF94A2 /* Pods-CheersMateTests.release.xcconfig */,
			);
			path = Pods;
			sourceTree = "<group>";
		};
		4506163C596DE0D07E2EFDBA /* Frameworks */ = {
			isa = PBXGroup;
			children = (
				A1331E1F631CE7F8EE164C7E /* Pods_CheersMate.framework */,
				5EC0DE572DF4C071B53BF062 /* Pods_CheersMate_CheersMateUITests.framework */,
				1E2BDC45497AA9C950F7AF14 /* Pods_CheersMateTests.framework */,
			);
			name = Frameworks;
			sourceTree = "<group>";
		};
/* End PBXGroup section */

/* Begin PBXNativeTarget section */
		255B96042CBE4EA500D6AC8E /* CheersMate */ = {
			isa = PBXNativeTarget;
			buildConfigurationList = 255B96312CBE4EA600D6AC8E /* Build configuration list for PBXNativeTarget "CheersMate" */;
			buildPhases = (
				92D754D1AA4EAC345618BFE1 /* [CP] Check Pods Manifest.lock */,
				255B96012CBE4EA500D6AC8E /* Sources */,
				255B96022CBE4EA500D6AC8E /* Frameworks */,
				255B96032CBE4EA500D6AC8E /* Resources */,
				AFB4B09B55EB4857C576C6D3 /* [CP] Embed Pods Frameworks */,
			);
			buildRules = (
			);
			dependencies = (
			);
			name = CheersMate;
			productName = CheersMate;
			productReference = 255B96052CBE4EA500D6AC8E /* CheersMate.app */;
			productType = "com.apple.product-type.application";
		};
		255B961D2CBE4EA600D6AC8E /* CheersMateTests */ = {
			isa = PBXNativeTarget;
			buildConfigurationList = 255B96362CBE4EA600D6AC8E /* Build configuration list for PBXNativeTarget "CheersMateTests" */;
			buildPhases = (
				ED9B018ED2CBD00653D36926 /* [CP] Check Pods Manifest.lock */,
				255B961A2CBE4EA600D6AC8E /* Sources */,
				255B961B2CBE4EA600D6AC8E /* Frameworks */,
				255B961C2CBE4EA600D6AC8E /* Resources */,
			);
			buildRules = (
			);
			dependencies = (
				255B96202CBE4EA600D6AC8E /* PBXTargetDependency */,
			);
			name = CheersMateTests;
			productName = CheersMateTests;
			productReference = 255B961E2CBE4EA600D6AC8E /* CheersMateTests.xctest */;
			productType = "com.apple.product-type.bundle.unit-test";
		};
		255B96272CBE4EA600D6AC8E /* CheersMateUITests */ = {
			isa = PBXNativeTarget;
			buildConfigurationList = 255B96392CBE4EA600D6AC8E /* Build configuration list for PBXNativeTarget "CheersMateUITests" */;
			buildPhases = (
				A943E7D189024B444B95CBF5 /* [CP] Check Pods Manifest.lock */,
				255B96242CBE4EA600D6AC8E /* Sources */,
				255B96252CBE4EA600D6AC8E /* Frameworks */,
				255B96262CBE4EA600D6AC8E /* Resources */,
				1297A252620CD054EDF7FBEA /* [CP] Embed Pods Frameworks */,
			);
			buildRules = (
			);
			dependencies = (
				255B962A2CBE4EA600D6AC8E /* PBXTargetDependency */,
			);
			name = CheersMateUITests;
			productName = CheersMateUITests;
			productReference = 255B96282CBE4EA600D6AC8E /* CheersMateUITests.xctest */;
			productType = "com.apple.product-type.bundle.ui-testing";
		};
/* End PBXNativeTarget section */

/* Begin PBXProject section */
		255B95FD2CBE4EA500D6AC8E /* Project object */ = {
			isa = PBXProject;
			attributes = {
				BuildIndependentTargetsInParallel = 1;
				LastSwiftUpdateCheck = 1600;
				LastUpgradeCheck = 1600;
				TargetAttributes = {
					255B96042CBE4EA500D6AC8E = {
						CreatedOnToolsVersion = 16.0;
					};
					255B961D2CBE4EA600D6AC8E = {
						CreatedOnToolsVersion = 16.0;
						TestTargetID = 255B96042CBE4EA500D6AC8E;
					};
					255B96272CBE4EA600D6AC8E = {
						CreatedOnToolsVersion = 16.0;
						TestTargetID = 255B96042CBE4EA500D6AC8E;
					};
				};
			};
			buildConfigurationList = 255B96002CBE4EA500D6AC8E /* Build configuration list for PBXProject "CheersMate" */;
			compatibilityVersion = "Xcode 14.0";
			developmentRegion = en;
			hasScannedForEncodings = 0;
			knownRegions = (
				en,
				Base,
			);
			mainGroup = 255B95FC2CBE4EA500D6AC8E;
			productRefGroup = 255B96062CBE4EA500D6AC8E /* Products */;
			projectDirPath = "";
			projectRoot = "";
			targets = (
				255B96042CBE4EA500D6AC8E /* CheersMate */,
				255B961D2CBE4EA600D6AC8E /* CheersMateTests */,
				255B96272CBE4EA600D6AC8E /* CheersMateUITests */,
			);
		};
/* End PBXProject section */

/* Begin PBXResourcesBuildPhase section */
		255B96032CBE4EA500D6AC8E /* Resources */ = {
			isa = PBXResourcesBuildPhase;
			buildActionMask = 2147483647;
			files = (
				255B96652CBE4FF400D6AC8E /* Assets.xcassets in Resources */,
				253B1B752CC4097800F7DBF9 /* GmarketSansMedium.otf in Resources */,
				25BE342C2CEE1382005617DC /* cheersLottie.json in Resources */,
				25D570B72CFC8CA400815145 /* LaunchScreen.storyboard in Resources */,
				253B1B8B2CC506D200F7DBF9 /* Pretendard-Medium.otf in Resources */,
				253B1B8C2CC506D200F7DBF9 /* Pretendard-Regular.otf in Resources */,
				253B1B8D2CC506D200F7DBF9 /* Pretendard-SemiBold.otf in Resources */,
				253B1B762CC4097800F7DBF9 /* GmarketSansBold.otf in Resources */,
				253B1B772CC4097800F7DBF9 /* GmarketSansLight.otf in Resources */,
				2567F07D2D0C496100E5763C /* Moneygraphy-Rounded.otf in Resources */,
			);
			runOnlyForDeploymentPostprocessing = 0;
		};
		255B961C2CBE4EA600D6AC8E /* Resources */ = {
			isa = PBXResourcesBuildPhase;
			buildActionMask = 2147483647;
			files = (
			);
			runOnlyForDeploymentPostprocessing = 0;
		};
		255B96262CBE4EA600D6AC8E /* Resources */ = {
			isa = PBXResourcesBuildPhase;
			buildActionMask = 2147483647;
			files = (
			);
			runOnlyForDeploymentPostprocessing = 0;
		};
/* End PBXResourcesBuildPhase section */

/* Begin PBXShellScriptBuildPhase section */
		1297A252620CD054EDF7FBEA /* [CP] Embed Pods Frameworks */ = {
			isa = PBXShellScriptBuildPhase;
			buildActionMask = 2147483647;
			files = (
			);
			inputFileListPaths = (
				"${PODS_ROOT}/Target Support Files/Pods-CheersMate-CheersMateUITests/Pods-CheersMate-CheersMateUITests-frameworks-${CONFIGURATION}-input-files.xcfilelist",
			);
			name = "[CP] Embed Pods Frameworks";
			outputFileListPaths = (
				"${PODS_ROOT}/Target Support Files/Pods-CheersMate-CheersMateUITests/Pods-CheersMate-CheersMateUITests-frameworks-${CONFIGURATION}-output-files.xcfilelist",
			);
			runOnlyForDeploymentPostprocessing = 0;
			shellPath = /bin/sh;
			shellScript = "\"${PODS_ROOT}/Target Support Files/Pods-CheersMate-CheersMateUITests/Pods-CheersMate-CheersMateUITests-frameworks.sh\"\n";
			showEnvVarsInLog = 0;
		};
		92D754D1AA4EAC345618BFE1 /* [CP] Check Pods Manifest.lock */ = {
			isa = PBXShellScriptBuildPhase;
			buildActionMask = 2147483647;
			files = (
			);
			inputFileListPaths = (
			);
			inputPaths = (
				"${PODS_PODFILE_DIR_PATH}/Podfile.lock",
				"${PODS_ROOT}/Manifest.lock",
			);
			name = "[CP] Check Pods Manifest.lock";
			outputFileListPaths = (
			);
			outputPaths = (
				"$(DERIVED_FILE_DIR)/Pods-CheersMate-checkManifestLockResult.txt",
			);
			runOnlyForDeploymentPostprocessing = 0;
			shellPath = /bin/sh;
			shellScript = "diff \"${PODS_PODFILE_DIR_PATH}/Podfile.lock\" \"${PODS_ROOT}/Manifest.lock\" > /dev/null\nif [ $? != 0 ] ; then\n    # print error to STDERR\n    echo \"error: The sandbox is not in sync with the Podfile.lock. Run 'pod install' or update your CocoaPods installation.\" >&2\n    exit 1\nfi\n# This output is used by Xcode 'outputs' to avoid re-running this script phase.\necho \"SUCCESS\" > \"${SCRIPT_OUTPUT_FILE_0}\"\n";
			showEnvVarsInLog = 0;
		};
		A943E7D189024B444B95CBF5 /* [CP] Check Pods Manifest.lock */ = {
			isa = PBXShellScriptBuildPhase;
			buildActionMask = 2147483647;
			files = (
			);
			inputFileListPaths = (
			);
			inputPaths = (
				"${PODS_PODFILE_DIR_PATH}/Podfile.lock",
				"${PODS_ROOT}/Manifest.lock",
			);
			name = "[CP] Check Pods Manifest.lock";
			outputFileListPaths = (
			);
			outputPaths = (
				"$(DERIVED_FILE_DIR)/Pods-CheersMate-CheersMateUITests-checkManifestLockResult.txt",
			);
			runOnlyForDeploymentPostprocessing = 0;
			shellPath = /bin/sh;
			shellScript = "diff \"${PODS_PODFILE_DIR_PATH}/Podfile.lock\" \"${PODS_ROOT}/Manifest.lock\" > /dev/null\nif [ $? != 0 ] ; then\n    # print error to STDERR\n    echo \"error: The sandbox is not in sync with the Podfile.lock. Run 'pod install' or update your CocoaPods installation.\" >&2\n    exit 1\nfi\n# This output is used by Xcode 'outputs' to avoid re-running this script phase.\necho \"SUCCESS\" > \"${SCRIPT_OUTPUT_FILE_0}\"\n";
			showEnvVarsInLog = 0;
		};
		AFB4B09B55EB4857C576C6D3 /* [CP] Embed Pods Frameworks */ = {
			isa = PBXShellScriptBuildPhase;
			buildActionMask = 2147483647;
			files = (
			);
			inputFileListPaths = (
				"${PODS_ROOT}/Target Support Files/Pods-CheersMate/Pods-CheersMate-frameworks-${CONFIGURATION}-input-files.xcfilelist",
			);
			name = "[CP] Embed Pods Frameworks";
			outputFileListPaths = (
				"${PODS_ROOT}/Target Support Files/Pods-CheersMate/Pods-CheersMate-frameworks-${CONFIGURATION}-output-files.xcfilelist",
			);
			runOnlyForDeploymentPostprocessing = 0;
			shellPath = /bin/sh;
			shellScript = "\"${PODS_ROOT}/Target Support Files/Pods-CheersMate/Pods-CheersMate-frameworks.sh\"\n";
			showEnvVarsInLog = 0;
		};
		ED9B018ED2CBD00653D36926 /* [CP] Check Pods Manifest.lock */ = {
			isa = PBXShellScriptBuildPhase;
			buildActionMask = 2147483647;
			files = (
			);
			inputFileListPaths = (
			);
			inputPaths = (
				"${PODS_PODFILE_DIR_PATH}/Podfile.lock",
				"${PODS_ROOT}/Manifest.lock",
			);
			name = "[CP] Check Pods Manifest.lock";
			outputFileListPaths = (
			);
			outputPaths = (
				"$(DERIVED_FILE_DIR)/Pods-CheersMateTests-checkManifestLockResult.txt",
			);
			runOnlyForDeploymentPostprocessing = 0;
			shellPath = /bin/sh;
			shellScript = "diff \"${PODS_PODFILE_DIR_PATH}/Podfile.lock\" \"${PODS_ROOT}/Manifest.lock\" > /dev/null\nif [ $? != 0 ] ; then\n    # print error to STDERR\n    echo \"error: The sandbox is not in sync with the Podfile.lock. Run 'pod install' or update your CocoaPods installation.\" >&2\n    exit 1\nfi\n# This output is used by Xcode 'outputs' to avoid re-running this script phase.\necho \"SUCCESS\" > \"${SCRIPT_OUTPUT_FILE_0}\"\n";
			showEnvVarsInLog = 0;
		};
/* End PBXShellScriptBuildPhase section */

/* Begin PBXSourcesBuildPhase section */
		255B96012CBE4EA500D6AC8E /* Sources */ = {
			isa = PBXSourcesBuildPhase;
			buildActionMask = 2147483647;
			files = (
				25737D672CDE7487004E9F6B /* RecommendNetworkManager.swift in Sources */,
				25D570B92CFCB53900815145 /* PopUpView.swift in Sources */,
				25A841AD2CEA684A002C64DD /* WeatherViewController.swift in Sources */,
				259E81CB2CCA78AF00D63747 /* UILabel+Spacing.swift in Sources */,
				251DBE892CE39F0800258E49 /* Recommend.swift in Sources */,
				25737D6B2CDE7882004E9F6B /* Object.swift in Sources */,
				25CFEF212CDA7E5800083081 /* MainTabBarController.swift in Sources */,
				25BE34342CF3718A005617DC /* AuthInterceptor.swift in Sources */,
				25BE34322CF3303A005617DC /* KeyChainManager.swift in Sources */,
				251DBE932CE4D44600258E49 /* RecommendFoodCollectionViewCell.swift in Sources */,
				25A8419E2CE7BA04002C64DD /* HomeViewModel.swift in Sources */,
				25BE342E2CEE6B35005617DC /* SearchView.swift in Sources */,
				25BE34282CED0EA5005617DC /* LiquorRepositoryProtocol.swift in Sources */,
				25A841972CE672DF002C64DD /* RecommendEvaluateView.swift in Sources */,
				2571BA5B2CEC94EB00D61D70 /* ProductCollectionViewCell.swift in Sources */,
				25BE343A2CF497AD005617DC /* MyPageViewModel.swift in Sources */,
				25A955A42CDFCD72001213CB /* RealmDB.swift in Sources */,
				255B96612CBE4FF400D6AC8E /* AppDelegate.swift in Sources */,
				2571BA4D2CEB40E200D61D70 /* WeatherUseCase.swift in Sources */,
				251DBE852CE2640300258E49 /* RecommendResultViewController.swift in Sources */,
				259E81E92CCB864200D63747 /* HomeView.swift in Sources */,
				253B1B7E2CC40DC200F7DBF9 /* UIFont+CustomFont.swift in Sources */,
				2571BA462CEB3AD100D61D70 /* WeatherRepository.swift in Sources */,
				253B1B8F2CC51D4700F7DBF9 /* UIViewController+customHideKeyboard.swift in Sources */,
				255B96622CBE4FF400D6AC8E /* CheersMate.xcdatamodeld in Sources */,
				25737D692CDE7496004E9F6B /* RecommendNetwork.swift in Sources */,
				259E82112CCE87DA00D63747 /* UserRepository.swift in Sources */,
				25A955AA2CDFF460001213CB /* RecommendUseCase.swift in Sources */,
				259E81EB2CCB865300D63747 /* HomeViewController.swift in Sources */,
				2571BA542CEC673500D61D70 /* ProductListView.swift in Sources */,
				25A841AB2CEA683E002C64DD /* WeatherView.swift in Sources */,
				25A841992CE67756002C64DD /* RecommendEvaluateViewController.swift in Sources */,
				25CFEF252CDA933D00083081 /* RecommendSelectionTableViewCell.swift in Sources */,
				255B96632CBE4FF400D6AC8E /* SceneDelegate.swift in Sources */,
				2571BA562CEC675A00D61D70 /* ProductListViewController.swift in Sources */,
				253B1B802CC40F7C00F7DBF9 /* UIColor+CustomColor.swift in Sources */,
				251DBE812CE2338100258E49 /* Haptics.swift in Sources */,
				251DBE8B2CE39FFC00258E49 /* Food.swift in Sources */,
				25CFEF172CD8F27400083081 /* RecommendSelectionViewModel.swift in Sources */,
				25CFEF1D2CD9528B00083081 /* RecommendSelectionView.swift in Sources */,
				2571BA522CEC672300D61D70 /* ProductListViewModel.swift in Sources */,
				2571BA582CEC69C800D61D70 /* CategoryTabmanViewCotroller.swift in Sources */,
				259E81D92CCAAE7500D63747 /* UINavigationController+Appearance.swift in Sources */,
				251DBE832CE263E300258E49 /* RecommendResultView.swift in Sources */,
				25CFEF132CD8BE5100083081 /* Enum.swift in Sources */,
				2571BA442CEB35C400D61D70 /* Weather.swift in Sources */,
				259E82092CCE801300D63747 /* UserNetworkManager.swift in Sources */,
				259E81F12CCCE25900D63747 /* UITabBarController+Appearance.swift in Sources */,
				25BE34382CF45916005617DC /* MyPageView.swift in Sources */,
				25A841AF2CEA6854002C64DD /* WeatherViewModel.swift in Sources */,
				25737D752CDE9CE9004E9F6B /* Liquor.swift in Sources */,
				25F428882CD633770044240C /* UserRepositoryProtocol.swift in Sources */,
				259E81FE2CCCE77100D63747 /* RecommendHomeViewController.swift in Sources */,
				258936912CF64D880017B9F6 /* SettingTableViewCell.swift in Sources */,
				259E820B2CCE80E800D63747 /* UserNetwork.swift in Sources */,
				25F428802CD4C0F60044240C /* User.swift in Sources */,
				25CE488A2D04CF6D00B50A9F /* CategoryCollectionViewCell.swift in Sources */,
				25BE34262CED0E2C005617DC /* LiquorRepository.swift in Sources */,
				259E81C12CC9793000D63747 /* UITextField+ToolBar.swift in Sources */,
				2554710C2CFA2C2000796279 /* LoginView.swift in Sources */,
				259E81FC2CCCE74200D63747 /* SearchViewController.swift in Sources */,
				25A8419B2CE69592002C64DD /* RecommendEvaluateViewModel.swift in Sources */,
				25BE342A2CED10AA005617DC /* CategoryUseCase.swift in Sources */,
				25A955A82CDFEDDB001213CB /* RecommendRepositoryProtocol.swift in Sources */,
				2567CF412CE5307D00FB8860 /* RecommendResultViewModel.swift in Sources */,
				259E82002CCCE78400D63747 /* MyPageViewController.swift in Sources */,
				25CFEF1F2CD9529B00083081 /* RecommendSelectionViewController.swift in Sources */,
				25CFEF312CDDF5CC00083081 /* UIView+Shadow.swift in Sources */,
				2573BE552D7609910014F2FF /* LoginViewModel.swift in Sources */,
				25BE34222CED0919005617DC /* LiquorNetwork.swift in Sources */,
				2571BA482CEB3B5200D61D70 /* WeatherRepositoryProtocol.swift in Sources */,
				25BE34242CED0923005617DC /* LiquorNetworkManager.swift in Sources */,
				25CFEF152CD8F26200083081 /* RecommendHomeView.swift in Sources */,
				252D0B4D2D0A0E61005795D7 /* DecorationView.swift in Sources */,
				2571BA422CEB2A1500D61D70 /* WeatherNetwork.swift in Sources */,
				259F41C72CF7957F002CB66E /* ProfileView.swift in Sources */,
				25BE34302CF07ED5005617DC /* SearchUseCase.swift in Sources */,
				25F4288A2CD6390F0044240C /* UserUseCase.swift in Sources */,
				251DBE952CE501DD00258E49 /* TitleHeaderView.swift in Sources */,
				25A955A62CDFEB91001213CB /* RecommendRepository.swift in Sources */,
				2554710E2CFA2C2B00796279 /* LoginViewController.swift in Sources */,
				25D570BB2CFCBB1800815145 /* PopUpViewController.swift in Sources */,
				25CFEF272CDB4AC800083081 /* Selection.swift in Sources */,
				259F41C92CF79750002CB66E /* ProfileViewController.swift in Sources */,
				251DBE872CE2640F00258E49 /* SearchViewModel.swift in Sources */,
				2571BA402CEB2A0900D61D70 /* WeatherNetworkManager.swift in Sources */,
			);
			runOnlyForDeploymentPostprocessing = 0;
		};
		255B961A2CBE4EA600D6AC8E /* Sources */ = {
			isa = PBXSourcesBuildPhase;
			buildActionMask = 2147483647;
			files = (
			);
			runOnlyForDeploymentPostprocessing = 0;
		};
		255B96242CBE4EA600D6AC8E /* Sources */ = {
			isa = PBXSourcesBuildPhase;
			buildActionMask = 2147483647;
			files = (
			);
			runOnlyForDeploymentPostprocessing = 0;
		};
/* End PBXSourcesBuildPhase section */

/* Begin PBXTargetDependency section */
		255B96202CBE4EA600D6AC8E /* PBXTargetDependency */ = {
			isa = PBXTargetDependency;
			target = 255B96042CBE4EA500D6AC8E /* CheersMate */;
			targetProxy = 255B961F2CBE4EA600D6AC8E /* PBXContainerItemProxy */;
		};
		255B962A2CBE4EA600D6AC8E /* PBXTargetDependency */ = {
			isa = PBXTargetDependency;
			target = 255B96042CBE4EA500D6AC8E /* CheersMate */;
			targetProxy = 255B96292CBE4EA600D6AC8E /* PBXContainerItemProxy */;
		};
/* End PBXTargetDependency section */

/* Begin XCBuildConfiguration section */
		255B96322CBE4EA600D6AC8E /* Debug */ = {
			isa = XCBuildConfiguration;
			baseConfigurationReference = A8B3E7C59784754F6C5A4F0C /* Pods-CheersMate.debug.xcconfig */;
			buildSettings = {
				ASSETCATALOG_COMPILER_APPICON_NAME = AppIcon;
				ASSETCATALOG_COMPILER_GLOBAL_ACCENT_COLOR_NAME = AccentColor;
				CODE_SIGN_STYLE = Automatic;
				CURRENT_PROJECT_VERSION = 1;
				DEVELOPMENT_TEAM = 4VFRVNS33P;
				GENERATE_INFOPLIST_FILE = YES;
				INFOPLIST_FILE = CheersMate/Resources/Info.plist;
				INFOPLIST_KEY_UIApplicationSupportsIndirectInputEvents = YES;
				INFOPLIST_KEY_UILaunchStoryboardName = LaunchScreen;
				INFOPLIST_KEY_UISupportedInterfaceOrientations = UIInterfaceOrientationPortrait;
				INFOPLIST_KEY_UISupportedInterfaceOrientations_iPad = "UIInterfaceOrientationLandscapeLeft UIInterfaceOrientationLandscapeRight UIInterfaceOrientationPortrait UIInterfaceOrientationPortraitUpsideDown";
				INFOPLIST_KEY_UIUserInterfaceStyle = Light;
				IPHONEOS_DEPLOYMENT_TARGET = 16.6;
				LD_RUNPATH_SEARCH_PATHS = (
					"$(inherited)",
					"@executable_path/Frameworks",
				);
				MARKETING_VERSION = 1.0;
				PRODUCT_BUNDLE_IDENTIFIER = com.stitch.CheersMate;
				PRODUCT_NAME = "$(TARGET_NAME)";
				SUPPORTED_PLATFORMS = "iphoneos iphonesimulator";
				SUPPORTS_MACCATALYST = NO;
				SUPPORTS_MAC_DESIGNED_FOR_IPHONE_IPAD = NO;
				SUPPORTS_XR_DESIGNED_FOR_IPHONE_IPAD = NO;
				SWIFT_EMIT_LOC_STRINGS = YES;
				SWIFT_VERSION = 5.0;
				TARGETED_DEVICE_FAMILY = 1;
			};
			name = Debug;
		};
		255B96332CBE4EA600D6AC8E /* Release */ = {
			isa = XCBuildConfiguration;
			baseConfigurationReference = 692B02A06E2B5A98DB6FF6AB /* Pods-CheersMate.release.xcconfig */;
			buildSettings = {
				ASSETCATALOG_COMPILER_APPICON_NAME = AppIcon;
				ASSETCATALOG_COMPILER_GLOBAL_ACCENT_COLOR_NAME = AccentColor;
				CODE_SIGN_STYLE = Automatic;
				CURRENT_PROJECT_VERSION = 1;
				DEVELOPMENT_TEAM = 4VFRVNS33P;
				GENERATE_INFOPLIST_FILE = YES;
				INFOPLIST_FILE = CheersMate/Resources/Info.plist;
				INFOPLIST_KEY_UIApplicationSupportsIndirectInputEvents = YES;
				INFOPLIST_KEY_UILaunchStoryboardName = LaunchScreen;
				INFOPLIST_KEY_UISupportedInterfaceOrientations = UIInterfaceOrientationPortrait;
				INFOPLIST_KEY_UISupportedInterfaceOrientations_iPad = "UIInterfaceOrientationLandscapeLeft UIInterfaceOrientationLandscapeRight UIInterfaceOrientationPortrait UIInterfaceOrientationPortraitUpsideDown";
				INFOPLIST_KEY_UIUserInterfaceStyle = Light;
				IPHONEOS_DEPLOYMENT_TARGET = 16.6;
				LD_RUNPATH_SEARCH_PATHS = (
					"$(inherited)",
					"@executable_path/Frameworks",
				);
				MARKETING_VERSION = 1.0;
				PRODUCT_BUNDLE_IDENTIFIER = com.stitch.CheersMate;
				PRODUCT_NAME = "$(TARGET_NAME)";
				SUPPORTED_PLATFORMS = "iphoneos iphonesimulator";
				SUPPORTS_MACCATALYST = NO;
				SUPPORTS_MAC_DESIGNED_FOR_IPHONE_IPAD = NO;
				SUPPORTS_XR_DESIGNED_FOR_IPHONE_IPAD = NO;
				SWIFT_EMIT_LOC_STRINGS = YES;
				SWIFT_VERSION = 5.0;
				TARGETED_DEVICE_FAMILY = 1;
			};
			name = Release;
		};
		255B96342CBE4EA600D6AC8E /* Debug */ = {
			isa = XCBuildConfiguration;
			buildSettings = {
				ALWAYS_SEARCH_USER_PATHS = NO;
				ASSETCATALOG_COMPILER_GENERATE_SWIFT_ASSET_SYMBOL_EXTENSIONS = YES;
				CLANG_ANALYZER_NONNULL = YES;
				CLANG_ANALYZER_NUMBER_OBJECT_CONVERSION = YES_AGGRESSIVE;
				CLANG_CXX_LANGUAGE_STANDARD = "gnu++20";
				CLANG_ENABLE_MODULES = YES;
				CLANG_ENABLE_OBJC_ARC = YES;
				CLANG_ENABLE_OBJC_WEAK = YES;
				CLANG_WARN_BLOCK_CAPTURE_AUTORELEASING = YES;
				CLANG_WARN_BOOL_CONVERSION = YES;
				CLANG_WARN_COMMA = YES;
				CLANG_WARN_CONSTANT_CONVERSION = YES;
				CLANG_WARN_DEPRECATED_OBJC_IMPLEMENTATIONS = YES;
				CLANG_WARN_DIRECT_OBJC_ISA_USAGE = YES_ERROR;
				CLANG_WARN_DOCUMENTATION_COMMENTS = YES;
				CLANG_WARN_EMPTY_BODY = YES;
				CLANG_WARN_ENUM_CONVERSION = YES;
				CLANG_WARN_INFINITE_RECURSION = YES;
				CLANG_WARN_INT_CONVERSION = YES;
				CLANG_WARN_NON_LITERAL_NULL_CONVERSION = YES;
				CLANG_WARN_OBJC_IMPLICIT_RETAIN_SELF = YES;
				CLANG_WARN_OBJC_LITERAL_CONVERSION = YES;
				CLANG_WARN_OBJC_ROOT_CLASS = YES_ERROR;
				CLANG_WARN_QUOTED_INCLUDE_IN_FRAMEWORK_HEADER = YES;
				CLANG_WARN_RANGE_LOOP_ANALYSIS = YES;
				CLANG_WARN_STRICT_PROTOTYPES = YES;
				CLANG_WARN_SUSPICIOUS_MOVE = YES;
				CLANG_WARN_UNGUARDED_AVAILABILITY = YES_AGGRESSIVE;
				CLANG_WARN_UNREACHABLE_CODE = YES;
				CLANG_WARN__DUPLICATE_METHOD_MATCH = YES;
				COPY_PHASE_STRIP = NO;
				DEBUG_INFORMATION_FORMAT = dwarf;
				ENABLE_STRICT_OBJC_MSGSEND = YES;
				ENABLE_TESTABILITY = YES;
				ENABLE_USER_SCRIPT_SANDBOXING = NO;
				GCC_C_LANGUAGE_STANDARD = gnu17;
				GCC_DYNAMIC_NO_PIC = NO;
				GCC_NO_COMMON_BLOCKS = YES;
				GCC_OPTIMIZATION_LEVEL = 0;
				GCC_PREPROCESSOR_DEFINITIONS = (
					"DEBUG=1",
					"$(inherited)",
				);
				GCC_WARN_64_TO_32_BIT_CONVERSION = YES;
				GCC_WARN_ABOUT_RETURN_TYPE = YES_ERROR;
				GCC_WARN_UNDECLARED_SELECTOR = YES;
				GCC_WARN_UNINITIALIZED_AUTOS = YES_AGGRESSIVE;
				GCC_WARN_UNUSED_FUNCTION = YES;
				GCC_WARN_UNUSED_VARIABLE = YES;
				IPHONEOS_DEPLOYMENT_TARGET = 18.0;
				LOCALIZATION_PREFERS_STRING_CATALOGS = YES;
				MTL_ENABLE_DEBUG_INFO = INCLUDE_SOURCE;
				MTL_FAST_MATH = YES;
				ONLY_ACTIVE_ARCH = YES;
				SDKROOT = iphoneos;
				SWIFT_ACTIVE_COMPILATION_CONDITIONS = "DEBUG $(inherited)";
				SWIFT_OPTIMIZATION_LEVEL = "-Onone";
			};
			name = Debug;
		};
		255B96352CBE4EA600D6AC8E /* Release */ = {
			isa = XCBuildConfiguration;
			buildSettings = {
				ALWAYS_SEARCH_USER_PATHS = NO;
				ASSETCATALOG_COMPILER_GENERATE_SWIFT_ASSET_SYMBOL_EXTENSIONS = YES;
				CLANG_ANALYZER_NONNULL = YES;
				CLANG_ANALYZER_NUMBER_OBJECT_CONVERSION = YES_AGGRESSIVE;
				CLANG_CXX_LANGUAGE_STANDARD = "gnu++20";
				CLANG_ENABLE_MODULES = YES;
				CLANG_ENABLE_OBJC_ARC = YES;
				CLANG_ENABLE_OBJC_WEAK = YES;
				CLANG_WARN_BLOCK_CAPTURE_AUTORELEASING = YES;
				CLANG_WARN_BOOL_CONVERSION = YES;
				CLANG_WARN_COMMA = YES;
				CLANG_WARN_CONSTANT_CONVERSION = YES;
				CLANG_WARN_DEPRECATED_OBJC_IMPLEMENTATIONS = YES;
				CLANG_WARN_DIRECT_OBJC_ISA_USAGE = YES_ERROR;
				CLANG_WARN_DOCUMENTATION_COMMENTS = YES;
				CLANG_WARN_EMPTY_BODY = YES;
				CLANG_WARN_ENUM_CONVERSION = YES;
				CLANG_WARN_INFINITE_RECURSION = YES;
				CLANG_WARN_INT_CONVERSION = YES;
				CLANG_WARN_NON_LITERAL_NULL_CONVERSION = YES;
				CLANG_WARN_OBJC_IMPLICIT_RETAIN_SELF = YES;
				CLANG_WARN_OBJC_LITERAL_CONVERSION = YES;
				CLANG_WARN_OBJC_ROOT_CLASS = YES_ERROR;
				CLANG_WARN_QUOTED_INCLUDE_IN_FRAMEWORK_HEADER = YES;
				CLANG_WARN_RANGE_LOOP_ANALYSIS = YES;
				CLANG_WARN_STRICT_PROTOTYPES = YES;
				CLANG_WARN_SUSPICIOUS_MOVE = YES;
				CLANG_WARN_UNGUARDED_AVAILABILITY = YES_AGGRESSIVE;
				CLANG_WARN_UNREACHABLE_CODE = YES;
				CLANG_WARN__DUPLICATE_METHOD_MATCH = YES;
				COPY_PHASE_STRIP = NO;
				DEBUG_INFORMATION_FORMAT = "dwarf-with-dsym";
				ENABLE_NS_ASSERTIONS = NO;
				ENABLE_STRICT_OBJC_MSGSEND = YES;
				ENABLE_USER_SCRIPT_SANDBOXING = NO;
				GCC_C_LANGUAGE_STANDARD = gnu17;
				GCC_NO_COMMON_BLOCKS = YES;
				GCC_WARN_64_TO_32_BIT_CONVERSION = YES;
				GCC_WARN_ABOUT_RETURN_TYPE = YES_ERROR;
				GCC_WARN_UNDECLARED_SELECTOR = YES;
				GCC_WARN_UNINITIALIZED_AUTOS = YES_AGGRESSIVE;
				GCC_WARN_UNUSED_FUNCTION = YES;
				GCC_WARN_UNUSED_VARIABLE = YES;
				IPHONEOS_DEPLOYMENT_TARGET = 18.0;
				LOCALIZATION_PREFERS_STRING_CATALOGS = YES;
				MTL_ENABLE_DEBUG_INFO = NO;
				MTL_FAST_MATH = YES;
				SDKROOT = iphoneos;
				SWIFT_COMPILATION_MODE = wholemodule;
				VALIDATE_PRODUCT = YES;
			};
			name = Release;
		};
		255B96372CBE4EA600D6AC8E /* Debug */ = {
			isa = XCBuildConfiguration;
			baseConfigurationReference = 3BCD95DABEF6D4DE1081BCA5 /* Pods-CheersMateTests.debug.xcconfig */;
			buildSettings = {
				BUNDLE_LOADER = "$(TEST_HOST)";
				CODE_SIGN_STYLE = Automatic;
				CURRENT_PROJECT_VERSION = 1;
				DEVELOPMENT_TEAM = 4VFRVNS33P;
				GENERATE_INFOPLIST_FILE = YES;
				IPHONEOS_DEPLOYMENT_TARGET = 18.0;
				MARKETING_VERSION = 1.0;
				PRODUCT_BUNDLE_IDENTIFIER = com.stitch.CheersMateTests;
				PRODUCT_NAME = "$(TARGET_NAME)";
				SWIFT_EMIT_LOC_STRINGS = NO;
				SWIFT_VERSION = 5.0;
				TARGETED_DEVICE_FAMILY = "1,2";
				TEST_HOST = "$(BUILT_PRODUCTS_DIR)/CheersMate.app/$(BUNDLE_EXECUTABLE_FOLDER_PATH)/CheersMate";
			};
			name = Debug;
		};
		255B96382CBE4EA600D6AC8E /* Release */ = {
			isa = XCBuildConfiguration;
			baseConfigurationReference = 5078F39ABD20400EBFFF94A2 /* Pods-CheersMateTests.release.xcconfig */;
			buildSettings = {
				BUNDLE_LOADER = "$(TEST_HOST)";
				CODE_SIGN_STYLE = Automatic;
				CURRENT_PROJECT_VERSION = 1;
				DEVELOPMENT_TEAM = 4VFRVNS33P;
				GENERATE_INFOPLIST_FILE = YES;
				IPHONEOS_DEPLOYMENT_TARGET = 18.0;
				MARKETING_VERSION = 1.0;
				PRODUCT_BUNDLE_IDENTIFIER = com.stitch.CheersMateTests;
				PRODUCT_NAME = "$(TARGET_NAME)";
				SWIFT_EMIT_LOC_STRINGS = NO;
				SWIFT_VERSION = 5.0;
				TARGETED_DEVICE_FAMILY = "1,2";
				TEST_HOST = "$(BUILT_PRODUCTS_DIR)/CheersMate.app/$(BUNDLE_EXECUTABLE_FOLDER_PATH)/CheersMate";
			};
			name = Release;
		};
		255B963A2CBE4EA600D6AC8E /* Debug */ = {
			isa = XCBuildConfiguration;
			baseConfigurationReference = 73BAE730DD4D08E1ECE1E2A4 /* Pods-CheersMate-CheersMateUITests.debug.xcconfig */;
			buildSettings = {
				CODE_SIGN_STYLE = Automatic;
				CURRENT_PROJECT_VERSION = 1;
				DEVELOPMENT_TEAM = 4VFRVNS33P;
				GENERATE_INFOPLIST_FILE = YES;
				MARKETING_VERSION = 1.0;
				PRODUCT_BUNDLE_IDENTIFIER = com.stitch.CheersMateUITests;
				PRODUCT_NAME = "$(TARGET_NAME)";
				SWIFT_EMIT_LOC_STRINGS = NO;
				SWIFT_VERSION = 5.0;
				TARGETED_DEVICE_FAMILY = "1,2";
				TEST_TARGET_NAME = CheersMate;
			};
			name = Debug;
		};
		255B963B2CBE4EA600D6AC8E /* Release */ = {
			isa = XCBuildConfiguration;
			baseConfigurationReference = C5E423002480A204C3D7DE2D /* Pods-CheersMate-CheersMateUITests.release.xcconfig */;
			buildSettings = {
				CODE_SIGN_STYLE = Automatic;
				CURRENT_PROJECT_VERSION = 1;
				DEVELOPMENT_TEAM = 4VFRVNS33P;
				GENERATE_INFOPLIST_FILE = YES;
				MARKETING_VERSION = 1.0;
				PRODUCT_BUNDLE_IDENTIFIER = com.stitch.CheersMateUITests;
				PRODUCT_NAME = "$(TARGET_NAME)";
				SWIFT_EMIT_LOC_STRINGS = NO;
				SWIFT_VERSION = 5.0;
				TARGETED_DEVICE_FAMILY = "1,2";
				TEST_TARGET_NAME = CheersMate;
			};
			name = Release;
		};
/* End XCBuildConfiguration section */

/* Begin XCConfigurationList section */
		255B96002CBE4EA500D6AC8E /* Build configuration list for PBXProject "CheersMate" */ = {
			isa = XCConfigurationList;
			buildConfigurations = (
				255B96342CBE4EA600D6AC8E /* Debug */,
				255B96352CBE4EA600D6AC8E /* Release */,
			);
			defaultConfigurationIsVisible = 0;
			defaultConfigurationName = Release;
		};
		255B96312CBE4EA600D6AC8E /* Build configuration list for PBXNativeTarget "CheersMate" */ = {
			isa = XCConfigurationList;
			buildConfigurations = (
				255B96322CBE4EA600D6AC8E /* Debug */,
				255B96332CBE4EA600D6AC8E /* Release */,
			);
			defaultConfigurationIsVisible = 0;
			defaultConfigurationName = Release;
		};
		255B96362CBE4EA600D6AC8E /* Build configuration list for PBXNativeTarget "CheersMateTests" */ = {
			isa = XCConfigurationList;
			buildConfigurations = (
				255B96372CBE4EA600D6AC8E /* Debug */,
				255B96382CBE4EA600D6AC8E /* Release */,
			);
			defaultConfigurationIsVisible = 0;
			defaultConfigurationName = Release;
		};
		255B96392CBE4EA600D6AC8E /* Build configuration list for PBXNativeTarget "CheersMateUITests" */ = {
			isa = XCConfigurationList;
			buildConfigurations = (
				255B963A2CBE4EA600D6AC8E /* Debug */,
				255B963B2CBE4EA600D6AC8E /* Release */,
			);
			defaultConfigurationIsVisible = 0;
			defaultConfigurationName = Release;
		};
/* End XCConfigurationList section */

/* Begin XCVersionGroup section */
		255B96572CBE4FF400D6AC8E /* CheersMate.xcdatamodeld */ = {
			isa = XCVersionGroup;
			children = (
				255B96602CBE4FF400D6AC8E /* CheersMate.xcdatamodel */,
			);
			currentVersion = 255B96602CBE4FF400D6AC8E /* CheersMate.xcdatamodel */;
			path = CheersMate.xcdatamodeld;
			sourceTree = "<group>";
			versionGroupType = wrapper.xcdatamodel;
		};
/* End XCVersionGroup section */
	};
	rootObject = 255B95FD2CBE4EA500D6AC8E /* Project object */;
}
