// !$*UTF8*$!
{
	archiveVersion = 1;
	classes = {
	};
	objectVersion = 56;
	objects = {

/* Begin PBXBuildFile section */
		253B1B752CC4097800F7DBF9 /* GmarketSansMedium.otf in Resources */ = {isa = PBXBuildFile; fileRef = 253B1B742CC4097800F7DBF9 /* GmarketSansMedium.otf */; };
		253B1B762CC4097800F7DBF9 /* GmarketSansBold.otf in Resources */ = {isa = PBXBuildFile; fileRef = 253B1B722CC4097800F7DBF9 /* GmarketSansBold.otf */; };
		253B1B772CC4097800F7DBF9 /* GmarketSansLight.otf in Resources */ = {isa = PBXBuildFile; fileRef = 253B1B732CC4097800F7DBF9 /* GmarketSansLight.otf */; };
		253B1B7E2CC40DC200F7DBF9 /* UIFont+CustomFont.swift in Sources */ = {isa = PBXBuildFile; fileRef = 253B1B7D2CC40DC200F7DBF9 /* UIFont+CustomFont.swift */; };
		253B1B802CC40F7C00F7DBF9 /* UIColor+CustomColor.swift in Sources */ = {isa = PBXBuildFile; fileRef = 253B1B7F2CC40F7C00F7DBF9 /* UIColor+CustomColor.swift */; };
		253B1B852CC4250D00F7DBF9 /* LoginViewModel.swift in Sources */ = {isa = PBXBuildFile; fileRef = 253B1B842CC4250D00F7DBF9 /* LoginViewModel.swift */; };
		253B1B872CC4251A00F7DBF9 /* LoginView.swift in Sources */ = {isa = PBXBuildFile; fileRef = 253B1B862CC4251A00F7DBF9 /* LoginView.swift */; };
		253B1B8B2CC506D200F7DBF9 /* Pretendard-Medium.otf in Resources */ = {isa = PBXBuildFile; fileRef = 253B1B882CC506D200F7DBF9 /* Pretendard-Medium.otf */; };
		253B1B8C2CC506D200F7DBF9 /* Pretendard-Regular.otf in Resources */ = {isa = PBXBuildFile; fileRef = 253B1B892CC506D200F7DBF9 /* Pretendard-Regular.otf */; };
		253B1B8D2CC506D200F7DBF9 /* Pretendard-SemiBold.otf in Resources */ = {isa = PBXBuildFile; fileRef = 253B1B8A2CC506D200F7DBF9 /* Pretendard-SemiBold.otf */; };
		253B1B8F2CC51D4700F7DBF9 /* UIViewController+customHideKeyboard.swift in Sources */ = {isa = PBXBuildFile; fileRef = 253B1B8E2CC51D4700F7DBF9 /* UIViewController+customHideKeyboard.swift */; };
		253B1B932CC82A7600F7DBF9 /* SignUpView.swift in Sources */ = {isa = PBXBuildFile; fileRef = 253B1B922CC82A7600F7DBF9 /* SignUpView.swift */; };
		253B1B952CC82A8C00F7DBF9 /* SignUpViewController.swift in Sources */ = {isa = PBXBuildFile; fileRef = 253B1B942CC82A8C00F7DBF9 /* SignUpViewController.swift */; };
		255B96612CBE4FF400D6AC8E /* AppDelegate.swift in Sources */ = {isa = PBXBuildFile; fileRef = 255B96552CBE4FF400D6AC8E /* AppDelegate.swift */; };
		255B96622CBE4FF400D6AC8E /* CheersMate.xcdatamodeld in Sources */ = {isa = PBXBuildFile; fileRef = 255B96572CBE4FF400D6AC8E /* CheersMate.xcdatamodeld */; };
		255B96632CBE4FF400D6AC8E /* SceneDelegate.swift in Sources */ = {isa = PBXBuildFile; fileRef = 255B965D2CBE4FF400D6AC8E /* SceneDelegate.swift */; };
		255B96642CBE4FF400D6AC8E /* LoginViewController.swift in Sources */ = {isa = PBXBuildFile; fileRef = 255B965E2CBE4FF400D6AC8E /* LoginViewController.swift */; };
		255B96652CBE4FF400D6AC8E /* Assets.xcassets in Resources */ = {isa = PBXBuildFile; fileRef = 255B96562CBE4FF400D6AC8E /* Assets.xcassets */; };
		259E81C12CC9793000D63747 /* UITextField+ToolBar.swift in Sources */ = {isa = PBXBuildFile; fileRef = 259E81C02CC9793000D63747 /* UITextField+ToolBar.swift */; };
		8DEC78756533189224B2F558 /* Pods_CheersMate_CheersMateUITests.framework in Frameworks */ = {isa = PBXBuildFile; fileRef = 5EC0DE572DF4C071B53BF062 /* Pods_CheersMate_CheersMateUITests.framework */; };
		926EE3D265AE0A8B0B1B2833 /* Pods_CheersMateTests.framework in Frameworks */ = {isa = PBXBuildFile; fileRef = 1E2BDC45497AA9C950F7AF14 /* Pods_CheersMateTests.framework */; };
		CFCCF165C666FFA7BDD780EF /* Pods_CheersMate.framework in Frameworks */ = {isa = PBXBuildFile; fileRef = A1331E1F631CE7F8EE164C7E /* Pods_CheersMate.framework */; };
/* End PBXBuildFile section */

/* Begin PBXContainerItemProxy section */
		255B961F2CBE4EA600D6AC8E /* PBXContainerItemProxy */ = {
			isa = PBXContainerItemProxy;
			containerPortal = 255B95FD2CBE4EA500D6AC8E /* Project object */;
			proxyType = 1;
			remoteGlobalIDString = 255B96042CBE4EA500D6AC8E;
			remoteInfo = CheersMate;
		};
		255B96292CBE4EA600D6AC8E /* PBXContainerItemProxy */ = {
			isa = PBXContainerItemProxy;
			containerPortal = 255B95FD2CBE4EA500D6AC8E /* Project object */;
			proxyType = 1;
			remoteGlobalIDString = 255B96042CBE4EA500D6AC8E;
			remoteInfo = CheersMate;
		};
/* End PBXContainerItemProxy section */

/* Begin PBXFileReference section */
		1E2BDC45497AA9C950F7AF14 /* Pods_CheersMateTests.framework */ = {isa = PBXFileReference; explicitFileType = wrapper.framework; includeInIndex = 0; path = Pods_CheersMateTests.framework; sourceTree = BUILT_PRODUCTS_DIR; };
		253B1B722CC4097800F7DBF9 /* GmarketSansBold.otf */ = {isa = PBXFileReference; lastKnownFileType = file; path = GmarketSansBold.otf; sourceTree = "<group>"; };
		253B1B732CC4097800F7DBF9 /* GmarketSansLight.otf */ = {isa = PBXFileReference; lastKnownFileType = file; path = GmarketSansLight.otf; sourceTree = "<group>"; };
		253B1B742CC4097800F7DBF9 /* GmarketSansMedium.otf */ = {isa = PBXFileReference; lastKnownFileType = file; path = GmarketSansMedium.otf; sourceTree = "<group>"; };
		253B1B7D2CC40DC200F7DBF9 /* UIFont+CustomFont.swift */ = {isa = PBXFileReference; lastKnownFileType = sourcecode.swift; path = "UIFont+CustomFont.swift"; sourceTree = "<group>"; };
		253B1B7F2CC40F7C00F7DBF9 /* UIColor+CustomColor.swift */ = {isa = PBXFileReference; lastKnownFileType = sourcecode.swift; path = "UIColor+CustomColor.swift"; sourceTree = "<group>"; };
		253B1B842CC4250D00F7DBF9 /* LoginViewModel.swift */ = {isa = PBXFileReference; lastKnownFileType = sourcecode.swift; path = LoginViewModel.swift; sourceTree = "<group>"; };
		253B1B862CC4251A00F7DBF9 /* LoginView.swift */ = {isa = PBXFileReference; lastKnownFileType = sourcecode.swift; path = LoginView.swift; sourceTree = "<group>"; };
		253B1B882CC506D200F7DBF9 /* Pretendard-Medium.otf */ = {isa = PBXFileReference; lastKnownFileType = file; path = "Pretendard-Medium.otf"; sourceTree = "<group>"; };
		253B1B892CC506D200F7DBF9 /* Pretendard-Regular.otf */ = {isa = PBXFileReference; lastKnownFileType = file; path = "Pretendard-Regular.otf"; sourceTree = "<group>"; };
		253B1B8A2CC506D200F7DBF9 /* Pretendard-SemiBold.otf */ = {isa = PBXFileReference; lastKnownFileType = file; path = "Pretendard-SemiBold.otf"; sourceTree = "<group>"; };
		253B1B8E2CC51D4700F7DBF9 /* UIViewController+customHideKeyboard.swift */ = {isa = PBXFileReference; lastKnownFileType = sourcecode.swift; path = "UIViewController+customHideKeyboard.swift"; sourceTree = "<group>"; };
		253B1B922CC82A7600F7DBF9 /* SignUpView.swift */ = {isa = PBXFileReference; lastKnownFileType = sourcecode.swift; path = SignUpView.swift; sourceTree = "<group>"; };
		253B1B942CC82A8C00F7DBF9 /* SignUpViewController.swift */ = {isa = PBXFileReference; lastKnownFileType = sourcecode.swift; path = SignUpViewController.swift; sourceTree = "<group>"; };
		255B96052CBE4EA500D6AC8E /* CheersMate.app */ = {isa = PBXFileReference; explicitFileType = wrapper.application; includeInIndex = 0; path = CheersMate.app; sourceTree = BUILT_PRODUCTS_DIR; };
		255B961E2CBE4EA600D6AC8E /* CheersMateTests.xctest */ = {isa = PBXFileReference; explicitFileType = wrapper.cfbundle; includeInIndex = 0; path = CheersMateTests.xctest; sourceTree = BUILT_PRODUCTS_DIR; };
		255B96282CBE4EA600D6AC8E /* CheersMateUITests.xctest */ = {isa = PBXFileReference; explicitFileType = wrapper.cfbundle; includeInIndex = 0; path = CheersMateUITests.xctest; sourceTree = BUILT_PRODUCTS_DIR; };
		255B96552CBE4FF400D6AC8E /* AppDelegate.swift */ = {isa = PBXFileReference; lastKnownFileType = sourcecode.swift; path = AppDelegate.swift; sourceTree = "<group>"; };
		255B96562CBE4FF400D6AC8E /* Assets.xcassets */ = {isa = PBXFileReference; lastKnownFileType = folder.assetcatalog; path = Assets.xcassets; sourceTree = "<group>"; };
		255B96582CBE4FF400D6AC8E /* Info.plist */ = {isa = PBXFileReference; lastKnownFileType = text.plist.xml; path = Info.plist; sourceTree = "<group>"; };
		255B965D2CBE4FF400D6AC8E /* SceneDelegate.swift */ = {isa = PBXFileReference; lastKnownFileType = sourcecode.swift; path = SceneDelegate.swift; sourceTree = "<group>"; };
		255B965E2CBE4FF400D6AC8E /* LoginViewController.swift */ = {isa = PBXFileReference; lastKnownFileType = sourcecode.swift; path = LoginViewController.swift; sourceTree = "<group>"; };
		255B96602CBE4FF400D6AC8E /* CheersMate.xcdatamodel */ = {isa = PBXFileReference; lastKnownFileType = wrapper.xcdatamodel; path = CheersMate.xcdatamodel; sourceTree = "<group>"; };
		259E81C02CC9793000D63747 /* UITextField+ToolBar.swift */ = {isa = PBXFileReference; lastKnownFileType = sourcecode.swift; path = "UITextField+ToolBar.swift"; sourceTree = "<group>"; };
		3BCD95DABEF6D4DE1081BCA5 /* Pods-CheersMateTests.debug.xcconfig */ = {isa = PBXFileReference; includeInIndex = 1; lastKnownFileType = text.xcconfig; name = "Pods-CheersMateTests.debug.xcconfig"; path = "Target Support Files/Pods-CheersMateTests/Pods-CheersMateTests.debug.xcconfig"; sourceTree = "<group>"; };
		5078F39ABD20400EBFFF94A2 /* Pods-CheersMateTests.release.xcconfig */ = {isa = PBXFileReference; includeInIndex = 1; lastKnownFileType = text.xcconfig; name = "Pods-CheersMateTests.release.xcconfig"; path = "Target Support Files/Pods-CheersMateTests/Pods-CheersMateTests.release.xcconfig"; sourceTree = "<group>"; };
		5EC0DE572DF4C071B53BF062 /* Pods_CheersMate_CheersMateUITests.framework */ = {isa = PBXFileReference; explicitFileType = wrapper.framework; includeInIndex = 0; path = Pods_CheersMate_CheersMateUITests.framework; sourceTree = BUILT_PRODUCTS_DIR; };
		692B02A06E2B5A98DB6FF6AB /* Pods-CheersMate.release.xcconfig */ = {isa = PBXFileReference; includeInIndex = 1; lastKnownFileType = text.xcconfig; name = "Pods-CheersMate.release.xcconfig"; path = "Target Support Files/Pods-CheersMate/Pods-CheersMate.release.xcconfig"; sourceTree = "<group>"; };
		73BAE730DD4D08E1ECE1E2A4 /* Pods-CheersMate-CheersMateUITests.debug.xcconfig */ = {isa = PBXFileReference; includeInIndex = 1; lastKnownFileType = text.xcconfig; name = "Pods-CheersMate-CheersMateUITests.debug.xcconfig"; path = "Target Support Files/Pods-CheersMate-CheersMateUITests/Pods-CheersMate-CheersMateUITests.debug.xcconfig"; sourceTree = "<group>"; };
		A1331E1F631CE7F8EE164C7E /* Pods_CheersMate.framework */ = {isa = PBXFileReference; explicitFileType = wrapper.framework; includeInIndex = 0; path = Pods_CheersMate.framework; sourceTree = BUILT_PRODUCTS_DIR; };
		A8B3E7C59784754F6C5A4F0C /* Pods-CheersMate.debug.xcconfig */ = {isa = PBXFileReference; includeInIndex = 1; lastKnownFileType = text.xcconfig; name = "Pods-CheersMate.debug.xcconfig"; path = "Target Support Files/Pods-CheersMate/Pods-CheersMate.debug.xcconfig"; sourceTree = "<group>"; };
		C5E423002480A204C3D7DE2D /* Pods-CheersMate-CheersMateUITests.release.xcconfig */ = {isa = PBXFileReference; includeInIndex = 1; lastKnownFileType = text.xcconfig; name = "Pods-CheersMate-CheersMateUITests.release.xcconfig"; path = "Target Support Files/Pods-CheersMate-CheersMateUITests/Pods-CheersMate-CheersMateUITests.release.xcconfig"; sourceTree = "<group>"; };
/* End PBXFileReference section */

/* Begin PBXFrameworksBuildPhase section */
		255B96022CBE4EA500D6AC8E /* Frameworks */ = {
			isa = PBXFrameworksBuildPhase;
			buildActionMask = 2147483647;
			files = (
				CFCCF165C666FFA7BDD780EF /* Pods_CheersMate.framework in Frameworks */,
			);
			runOnlyForDeploymentPostprocessing = 0;
		};
		255B961B2CBE4EA600D6AC8E /* Frameworks */ = {
			isa = PBXFrameworksBuildPhase;
			buildActionMask = 2147483647;
			files = (
				926EE3D265AE0A8B0B1B2833 /* Pods_CheersMateTests.framework in Frameworks */,
			);
			runOnlyForDeploymentPostprocessing = 0;
		};
		255B96252CBE4EA600D6AC8E /* Frameworks */ = {
			isa = PBXFrameworksBuildPhase;
			buildActionMask = 2147483647;
			files = (
				8DEC78756533189224B2F558 /* Pods_CheersMate_CheersMateUITests.framework in Frameworks */,
			);
			runOnlyForDeploymentPostprocessing = 0;
		};
/* End PBXFrameworksBuildPhase section */

/* Begin PBXGroup section */
		253B1B642CC4037A00F7DBF9 /* Application */ = {
			isa = PBXGroup;
			children = (
				255B96552CBE4FF400D6AC8E /* AppDelegate.swift */,
				255B965D2CBE4FF400D6AC8E /* SceneDelegate.swift */,
			);
			path = Application;
			sourceTree = "<group>";
		};
		253B1B652CC4039600F7DBF9 /* Domain */ = {
			isa = PBXGroup;
			children = (
				253B1B6A2CC4040C00F7DBF9 /* Interfaces */,
				253B1B692CC4040500F7DBF9 /* UseCases */,
				253B1B672CC403B200F7DBF9 /* Entities */,
			);
			path = Domain;
			sourceTree = "<group>";
		};
		253B1B662CC403A500F7DBF9 /* Presentation */ = {
			isa = PBXGroup;
			children = (
				253B1B902CC82A0700F7DBF9 /* SignUp */,
				253B1B812CC424CC00F7DBF9 /* Login */,
			);
			path = Presentation;
			sourceTree = "<group>";
		};
		253B1B672CC403B200F7DBF9 /* Entities */ = {
			isa = PBXGroup;
			children = (
			);
			path = Entities;
			sourceTree = "<group>";
		};
		253B1B692CC4040500F7DBF9 /* UseCases */ = {
			isa = PBXGroup;
			children = (
			);
			path = UseCases;
			sourceTree = "<group>";
		};
		253B1B6A2CC4040C00F7DBF9 /* Interfaces */ = {
			isa = PBXGroup;
			children = (
				253B1B6B2CC4042500F7DBF9 /* Repositories */,
			);
			path = Interfaces;
			sourceTree = "<group>";
		};
		253B1B6B2CC4042500F7DBF9 /* Repositories */ = {
			isa = PBXGroup;
			children = (
			);
			path = Repositories;
			sourceTree = "<group>";
		};
		253B1B6C2CC4044400F7DBF9 /* Data */ = {
			isa = PBXGroup;
			children = (
				253B1B6F2CC4046500F7DBF9 /* PersistentStorages */,
				253B1B6E2CC4045E00F7DBF9 /* Network */,
				253B1B6D2CC4045300F7DBF9 /* Repositories */,
			);
			path = Data;
			sourceTree = "<group>";
		};
		253B1B6D2CC4045300F7DBF9 /* Repositories */ = {
			isa = PBXGroup;
			children = (
			);
			path = Repositories;
			sourceTree = "<group>";
		};
		253B1B6E2CC4045E00F7DBF9 /* Network */ = {
			isa = PBXGroup;
			children = (
			);
			path = Network;
			sourceTree = "<group>";
		};
		253B1B6F2CC4046500F7DBF9 /* PersistentStorages */ = {
			isa = PBXGroup;
			children = (
				255B96572CBE4FF400D6AC8E /* CheersMate.xcdatamodeld */,
			);
			path = PersistentStorages;
			sourceTree = "<group>";
		};
		253B1B702CC4050D00F7DBF9 /* Resources */ = {
			isa = PBXGroup;
			children = (
				253B1B712CC4051A00F7DBF9 /* Fonts */,
				255B96582CBE4FF400D6AC8E /* Info.plist */,
				255B96562CBE4FF400D6AC8E /* Assets.xcassets */,
			);
			path = Resources;
			sourceTree = "<group>";
		};
		253B1B712CC4051A00F7DBF9 /* Fonts */ = {
			isa = PBXGroup;
			children = (
				253B1B882CC506D200F7DBF9 /* Pretendard-Medium.otf */,
				253B1B892CC506D200F7DBF9 /* Pretendard-Regular.otf */,
				253B1B8A2CC506D200F7DBF9 /* Pretendard-SemiBold.otf */,
				253B1B722CC4097800F7DBF9 /* GmarketSansBold.otf */,
				253B1B732CC4097800F7DBF9 /* GmarketSansLight.otf */,
				253B1B742CC4097800F7DBF9 /* GmarketSansMedium.otf */,
			);
			path = Fonts;
			sourceTree = "<group>";
		};
		253B1B782CC40B5300F7DBF9 /* Util */ = {
			isa = PBXGroup;
			children = (
				253B1B7A2CC40CC800F7DBF9 /* Constant */,
				253B1B792CC40C0900F7DBF9 /* Extension */,
			);
			path = Util;
			sourceTree = "<group>";
		};
		253B1B792CC40C0900F7DBF9 /* Extension */ = {
			isa = PBXGroup;
			children = (
				253B1B7D2CC40DC200F7DBF9 /* UIFont+CustomFont.swift */,
				253B1B7F2CC40F7C00F7DBF9 /* UIColor+CustomColor.swift */,
				259E81C02CC9793000D63747 /* UITextField+ToolBar.swift */,
				253B1B8E2CC51D4700F7DBF9 /* UIViewController+customHideKeyboard.swift */,
			);
			path = Extension;
			sourceTree = "<group>";
		};
		253B1B7A2CC40CC800F7DBF9 /* Constant */ = {
			isa = PBXGroup;
			children = (
			);
			path = Constant;
			sourceTree = "<group>";
		};
		253B1B812CC424CC00F7DBF9 /* Login */ = {
			isa = PBXGroup;
			children = (
				253B1B832CC424E200F7DBF9 /* View */,
				253B1B822CC424DC00F7DBF9 /* ViewModel */,
			);
			path = Login;
			sourceTree = "<group>";
		};
		253B1B822CC424DC00F7DBF9 /* ViewModel */ = {
			isa = PBXGroup;
			children = (
				253B1B842CC4250D00F7DBF9 /* LoginViewModel.swift */,
			);
			path = ViewModel;
			sourceTree = "<group>";
		};
		253B1B832CC424E200F7DBF9 /* View */ = {
			isa = PBXGroup;
			children = (
				253B1B862CC4251A00F7DBF9 /* LoginView.swift */,
				255B965E2CBE4FF400D6AC8E /* LoginViewController.swift */,
			);
			path = View;
			sourceTree = "<group>";
		};
		253B1B902CC82A0700F7DBF9 /* SignUp */ = {
			isa = PBXGroup;
			children = (
				253B1B912CC82A5500F7DBF9 /* View */,
				259E81BF2CC9632A00D63747 /* ViewModel */,
			);
			path = SignUp;
			sourceTree = "<group>";
		};
		253B1B912CC82A5500F7DBF9 /* View */ = {
			isa = PBXGroup;
			children = (
				253B1B922CC82A7600F7DBF9 /* SignUpView.swift */,
				253B1B942CC82A8C00F7DBF9 /* SignUpViewController.swift */,
			);
			path = View;
			sourceTree = "<group>";
		};
		255B95FC2CBE4EA500D6AC8E = {
			isa = PBXGroup;
			children = (
				255B965F2CBE4FF400D6AC8E /* CheersMate */,
				255B96212CBE4EA600D6AC8E /* CheersMateTests */,
				255B962B2CBE4EA600D6AC8E /* CheersMateUITests */,
				255B96062CBE4EA500D6AC8E /* Products */,
				3D6E19BC6232515134862320 /* Pods */,
				4506163C596DE0D07E2EFDBA /* Frameworks */,
			);
			sourceTree = "<group>";
		};
		255B96062CBE4EA500D6AC8E /* Products */ = {
			isa = PBXGroup;
			children = (
				255B96052CBE4EA500D6AC8E /* CheersMate.app */,
				255B961E2CBE4EA600D6AC8E /* CheersMateTests.xctest */,
				255B96282CBE4EA600D6AC8E /* CheersMateUITests.xctest */,
			);
			name = Products;
			sourceTree = "<group>";
		};
		255B96212CBE4EA600D6AC8E /* CheersMateTests */ = {
			isa = PBXGroup;
			children = (
			);
			path = CheersMateTests;
			sourceTree = "<group>";
		};
		255B962B2CBE4EA600D6AC8E /* CheersMateUITests */ = {
			isa = PBXGroup;
			children = (
			);
			path = CheersMateUITests;
			sourceTree = "<group>";
		};
		255B965F2CBE4FF400D6AC8E /* CheersMate */ = {
			isa = PBXGroup;
			children = (
				253B1B642CC4037A00F7DBF9 /* Application */,
				253B1B652CC4039600F7DBF9 /* Domain */,
				253B1B662CC403A500F7DBF9 /* Presentation */,
				253B1B6C2CC4044400F7DBF9 /* Data */,
				253B1B782CC40B5300F7DBF9 /* Util */,
				253B1B702CC4050D00F7DBF9 /* Resources */,
			);
			path = CheersMate;
			sourceTree = "<group>";
		};
		259E81BF2CC9632A00D63747 /* ViewModel */ = {
			isa = PBXGroup;
			children = (
			);
			path = ViewModel;
			sourceTree = "<group>";
		};
		3D6E19BC6232515134862320 /* Pods */ = {
			isa = PBXGroup;
			children = (
				A8B3E7C59784754F6C5A4F0C /* Pods-CheersMate.debug.xcconfig */,
				692B02A06E2B5A98DB6FF6AB /* Pods-CheersMate.release.xcconfig */,
				73BAE730DD4D08E1ECE1E2A4 /* Pods-CheersMate-CheersMateUITests.debug.xcconfig */,
				C5E423002480A204C3D7DE2D /* Pods-CheersMate-CheersMateUITests.release.xcconfig */,
				3BCD95DABEF6D4DE1081BCA5 /* Pods-CheersMateTests.debug.xcconfig */,
				5078F39ABD20400EBFFF94A2 /* Pods-CheersMateTests.release.xcconfig */,
			);
			path = Pods;
			sourceTree = "<group>";
		};
		4506163C596DE0D07E2EFDBA /* Frameworks */ = {
			isa = PBXGroup;
			children = (
				A1331E1F631CE7F8EE164C7E /* Pods_CheersMate.framework */,
				5EC0DE572DF4C071B53BF062 /* Pods_CheersMate_CheersMateUITests.framework */,
				1E2BDC45497AA9C950F7AF14 /* Pods_CheersMateTests.framework */,
			);
			name = Frameworks;
			sourceTree = "<group>";
		};
/* End PBXGroup section */

/* Begin PBXNativeTarget section */
		255B96042CBE4EA500D6AC8E /* CheersMate */ = {
			isa = PBXNativeTarget;
			buildConfigurationList = 255B96312CBE4EA600D6AC8E /* Build configuration list for PBXNativeTarget "CheersMate" */;
			buildPhases = (
				92D754D1AA4EAC345618BFE1 /* [CP] Check Pods Manifest.lock */,
				255B96012CBE4EA500D6AC8E /* Sources */,
				255B96022CBE4EA500D6AC8E /* Frameworks */,
				255B96032CBE4EA500D6AC8E /* Resources */,
				AFB4B09B55EB4857C576C6D3 /* [CP] Embed Pods Frameworks */,
			);
			buildRules = (
			);
			dependencies = (
			);
			name = CheersMate;
			productName = CheersMate;
			productReference = 255B96052CBE4EA500D6AC8E /* CheersMate.app */;
			productType = "com.apple.product-type.application";
		};
		255B961D2CBE4EA600D6AC8E /* CheersMateTests */ = {
			isa = PBXNativeTarget;
			buildConfigurationList = 255B96362CBE4EA600D6AC8E /* Build configuration list for PBXNativeTarget "CheersMateTests" */;
			buildPhases = (
				ED9B018ED2CBD00653D36926 /* [CP] Check Pods Manifest.lock */,
				255B961A2CBE4EA600D6AC8E /* Sources */,
				255B961B2CBE4EA600D6AC8E /* Frameworks */,
				255B961C2CBE4EA600D6AC8E /* Resources */,
			);
			buildRules = (
			);
			dependencies = (
				255B96202CBE4EA600D6AC8E /* PBXTargetDependency */,
			);
			name = CheersMateTests;
			productName = CheersMateTests;
			productReference = 255B961E2CBE4EA600D6AC8E /* CheersMateTests.xctest */;
			productType = "com.apple.product-type.bundle.unit-test";
		};
		255B96272CBE4EA600D6AC8E /* CheersMateUITests */ = {
			isa = PBXNativeTarget;
			buildConfigurationList = 255B96392CBE4EA600D6AC8E /* Build configuration list for PBXNativeTarget "CheersMateUITests" */;
			buildPhases = (
				A943E7D189024B444B95CBF5 /* [CP] Check Pods Manifest.lock */,
				255B96242CBE4EA600D6AC8E /* Sources */,
				255B96252CBE4EA600D6AC8E /* Frameworks */,
				255B96262CBE4EA600D6AC8E /* Resources */,
				1297A252620CD054EDF7FBEA /* [CP] Embed Pods Frameworks */,
			);
			buildRules = (
			);
			dependencies = (
				255B962A2CBE4EA600D6AC8E /* PBXTargetDependency */,
			);
			name = CheersMateUITests;
			productName = CheersMateUITests;
			productReference = 255B96282CBE4EA600D6AC8E /* CheersMateUITests.xctest */;
			productType = "com.apple.product-type.bundle.ui-testing";
		};
/* End PBXNativeTarget section */

/* Begin PBXProject section */
		255B95FD2CBE4EA500D6AC8E /* Project object */ = {
			isa = PBXProject;
			attributes = {
				BuildIndependentTargetsInParallel = 1;
				LastSwiftUpdateCheck = 1600;
				LastUpgradeCheck = 1600;
				TargetAttributes = {
					255B96042CBE4EA500D6AC8E = {
						CreatedOnToolsVersion = 16.0;
					};
					255B961D2CBE4EA600D6AC8E = {
						CreatedOnToolsVersion = 16.0;
						TestTargetID = 255B96042CBE4EA500D6AC8E;
					};
					255B96272CBE4EA600D6AC8E = {
						CreatedOnToolsVersion = 16.0;
						TestTargetID = 255B96042CBE4EA500D6AC8E;
					};
				};
			};
			buildConfigurationList = 255B96002CBE4EA500D6AC8E /* Build configuration list for PBXProject "CheersMate" */;
			compatibilityVersion = "Xcode 14.0";
			developmentRegion = en;
			hasScannedForEncodings = 0;
			knownRegions = (
				en,
				Base,
			);
			mainGroup = 255B95FC2CBE4EA500D6AC8E;
			productRefGroup = 255B96062CBE4EA500D6AC8E /* Products */;
			projectDirPath = "";
			projectRoot = "";
			targets = (
				255B96042CBE4EA500D6AC8E /* CheersMate */,
				255B961D2CBE4EA600D6AC8E /* CheersMateTests */,
				255B96272CBE4EA600D6AC8E /* CheersMateUITests */,
			);
		};
/* End PBXProject section */

/* Begin PBXResourcesBuildPhase section */
		255B96032CBE4EA500D6AC8E /* Resources */ = {
			isa = PBXResourcesBuildPhase;
			buildActionMask = 2147483647;
			files = (
				255B96652CBE4FF400D6AC8E /* Assets.xcassets in Resources */,
				253B1B752CC4097800F7DBF9 /* GmarketSansMedium.otf in Resources */,
				253B1B8B2CC506D200F7DBF9 /* Pretendard-Medium.otf in Resources */,
				253B1B8C2CC506D200F7DBF9 /* Pretendard-Regular.otf in Resources */,
				253B1B8D2CC506D200F7DBF9 /* Pretendard-SemiBold.otf in Resources */,
				253B1B762CC4097800F7DBF9 /* GmarketSansBold.otf in Resources */,
				253B1B772CC4097800F7DBF9 /* GmarketSansLight.otf in Resources */,
			);
			runOnlyForDeploymentPostprocessing = 0;
		};
		255B961C2CBE4EA600D6AC8E /* Resources */ = {
			isa = PBXResourcesBuildPhase;
			buildActionMask = 2147483647;
			files = (
			);
			runOnlyForDeploymentPostprocessing = 0;
		};
		255B96262CBE4EA600D6AC8E /* Resources */ = {
			isa = PBXResourcesBuildPhase;
			buildActionMask = 2147483647;
			files = (
			);
			runOnlyForDeploymentPostprocessing = 0;
		};
/* End PBXResourcesBuildPhase section */

/* Begin PBXShellScriptBuildPhase section */
		1297A252620CD054EDF7FBEA /* [CP] Embed Pods Frameworks */ = {
			isa = PBXShellScriptBuildPhase;
			buildActionMask = 2147483647;
			files = (
			);
			inputFileListPaths = (
				"${PODS_ROOT}/Target Support Files/Pods-CheersMate-CheersMateUITests/Pods-CheersMate-CheersMateUITests-frameworks-${CONFIGURATION}-input-files.xcfilelist",
			);
			name = "[CP] Embed Pods Frameworks";
			outputFileListPaths = (
				"${PODS_ROOT}/Target Support Files/Pods-CheersMate-CheersMateUITests/Pods-CheersMate-CheersMateUITests-frameworks-${CONFIGURATION}-output-files.xcfilelist",
			);
			runOnlyForDeploymentPostprocessing = 0;
			shellPath = /bin/sh;
			shellScript = "\"${PODS_ROOT}/Target Support Files/Pods-CheersMate-CheersMateUITests/Pods-CheersMate-CheersMateUITests-frameworks.sh\"\n";
			showEnvVarsInLog = 0;
		};
		92D754D1AA4EAC345618BFE1 /* [CP] Check Pods Manifest.lock */ = {
			isa = PBXShellScriptBuildPhase;
			buildActionMask = 2147483647;
			files = (
			);
			inputFileListPaths = (
			);
			inputPaths = (
				"${PODS_PODFILE_DIR_PATH}/Podfile.lock",
				"${PODS_ROOT}/Manifest.lock",
			);
			name = "[CP] Check Pods Manifest.lock";
			outputFileListPaths = (
			);
			outputPaths = (
				"$(DERIVED_FILE_DIR)/Pods-CheersMate-checkManifestLockResult.txt",
			);
			runOnlyForDeploymentPostprocessing = 0;
			shellPath = /bin/sh;
			shellScript = "diff \"${PODS_PODFILE_DIR_PATH}/Podfile.lock\" \"${PODS_ROOT}/Manifest.lock\" > /dev/null\nif [ $? != 0 ] ; then\n    # print error to STDERR\n    echo \"error: The sandbox is not in sync with the Podfile.lock. Run 'pod install' or update your CocoaPods installation.\" >&2\n    exit 1\nfi\n# This output is used by Xcode 'outputs' to avoid re-running this script phase.\necho \"SUCCESS\" > \"${SCRIPT_OUTPUT_FILE_0}\"\n";
			showEnvVarsInLog = 0;
		};
		A943E7D189024B444B95CBF5 /* [CP] Check Pods Manifest.lock */ = {
			isa = PBXShellScriptBuildPhase;
			buildActionMask = 2147483647;
			files = (
			);
			inputFileListPaths = (
			);
			inputPaths = (
				"${PODS_PODFILE_DIR_PATH}/Podfile.lock",
				"${PODS_ROOT}/Manifest.lock",
			);
			name = "[CP] Check Pods Manifest.lock";
			outputFileListPaths = (
			);
			outputPaths = (
				"$(DERIVED_FILE_DIR)/Pods-CheersMate-CheersMateUITests-checkManifestLockResult.txt",
			);
			runOnlyForDeploymentPostprocessing = 0;
			shellPath = /bin/sh;
			shellScript = "diff \"${PODS_PODFILE_DIR_PATH}/Podfile.lock\" \"${PODS_ROOT}/Manifest.lock\" > /dev/null\nif [ $? != 0 ] ; then\n    # print error to STDERR\n    echo \"error: The sandbox is not in sync with the Podfile.lock. Run 'pod install' or update your CocoaPods installation.\" >&2\n    exit 1\nfi\n# This output is used by Xcode 'outputs' to avoid re-running this script phase.\necho \"SUCCESS\" > \"${SCRIPT_OUTPUT_FILE_0}\"\n";
			showEnvVarsInLog = 0;
		};
		AFB4B09B55EB4857C576C6D3 /* [CP] Embed Pods Frameworks */ = {
			isa = PBXShellScriptBuildPhase;
			buildActionMask = 2147483647;
			files = (
			);
			inputFileListPaths = (
				"${PODS_ROOT}/Target Support Files/Pods-CheersMate/Pods-CheersMate-frameworks-${CONFIGURATION}-input-files.xcfilelist",
			);
			name = "[CP] Embed Pods Frameworks";
			outputFileListPaths = (
				"${PODS_ROOT}/Target Support Files/Pods-CheersMate/Pods-CheersMate-frameworks-${CONFIGURATION}-output-files.xcfilelist",
			);
			runOnlyForDeploymentPostprocessing = 0;
			shellPath = /bin/sh;
			shellScript = "\"${PODS_ROOT}/Target Support Files/Pods-CheersMate/Pods-CheersMate-frameworks.sh\"\n";
			showEnvVarsInLog = 0;
		};
		ED9B018ED2CBD00653D36926 /* [CP] Check Pods Manifest.lock */ = {
			isa = PBXShellScriptBuildPhase;
			buildActionMask = 2147483647;
			files = (
			);
			inputFileListPaths = (
			);
			inputPaths = (
				"${PODS_PODFILE_DIR_PATH}/Podfile.lock",
				"${PODS_ROOT}/Manifest.lock",
			);
			name = "[CP] Check Pods Manifest.lock";
			outputFileListPaths = (
			);
			outputPaths = (
				"$(DERIVED_FILE_DIR)/Pods-CheersMateTests-checkManifestLockResult.txt",
			);
			runOnlyForDeploymentPostprocessing = 0;
			shellPath = /bin/sh;
			shellScript = "diff \"${PODS_PODFILE_DIR_PATH}/Podfile.lock\" \"${PODS_ROOT}/Manifest.lock\" > /dev/null\nif [ $? != 0 ] ; then\n    # print error to STDERR\n    echo \"error: The sandbox is not in sync with the Podfile.lock. Run 'pod install' or update your CocoaPods installation.\" >&2\n    exit 1\nfi\n# This output is used by Xcode 'outputs' to avoid re-running this script phase.\necho \"SUCCESS\" > \"${SCRIPT_OUTPUT_FILE_0}\"\n";
			showEnvVarsInLog = 0;
		};
/* End PBXShellScriptBuildPhase section */

/* Begin PBXSourcesBuildPhase section */
		255B96012CBE4EA500D6AC8E /* Sources */ = {
			isa = PBXSourcesBuildPhase;
			buildActionMask = 2147483647;
			files = (
				253B1B952CC82A8C00F7DBF9 /* SignUpViewController.swift in Sources */,
				255B96612CBE4FF400D6AC8E /* AppDelegate.swift in Sources */,
				253B1B7E2CC40DC200F7DBF9 /* UIFont+CustomFont.swift in Sources */,
				253B1B8F2CC51D4700F7DBF9 /* UIViewController+customHideKeyboard.swift in Sources */,
				255B96622CBE4FF400D6AC8E /* CheersMate.xcdatamodeld in Sources */,
				255B96632CBE4FF400D6AC8E /* SceneDelegate.swift in Sources */,
				253B1B802CC40F7C00F7DBF9 /* UIColor+CustomColor.swift in Sources */,
				253B1B932CC82A7600F7DBF9 /* SignUpView.swift in Sources */,
				255B96642CBE4FF400D6AC8E /* LoginViewController.swift in Sources */,
				259E81C12CC9793000D63747 /* UITextField+ToolBar.swift in Sources */,
				253B1B872CC4251A00F7DBF9 /* LoginView.swift in Sources */,
				253B1B852CC4250D00F7DBF9 /* LoginViewModel.swift in Sources */,
			);
			runOnlyForDeploymentPostprocessing = 0;
		};
		255B961A2CBE4EA600D6AC8E /* Sources */ = {
			isa = PBXSourcesBuildPhase;
			buildActionMask = 2147483647;
			files = (
			);
			runOnlyForDeploymentPostprocessing = 0;
		};
		255B96242CBE4EA600D6AC8E /* Sources */ = {
			isa = PBXSourcesBuildPhase;
			buildActionMask = 2147483647;
			files = (
			);
			runOnlyForDeploymentPostprocessing = 0;
		};
/* End PBXSourcesBuildPhase section */

/* Begin PBXTargetDependency section */
		255B96202CBE4EA600D6AC8E /* PBXTargetDependency */ = {
			isa = PBXTargetDependency;
			target = 255B96042CBE4EA500D6AC8E /* CheersMate */;
			targetProxy = 255B961F2CBE4EA600D6AC8E /* PBXContainerItemProxy */;
		};
		255B962A2CBE4EA600D6AC8E /* PBXTargetDependency */ = {
			isa = PBXTargetDependency;
			target = 255B96042CBE4EA500D6AC8E /* CheersMate */;
			targetProxy = 255B96292CBE4EA600D6AC8E /* PBXContainerItemProxy */;
		};
/* End PBXTargetDependency section */

/* Begin XCBuildConfiguration section */
		255B96322CBE4EA600D6AC8E /* Debug */ = {
			isa = XCBuildConfiguration;
			baseConfigurationReference = A8B3E7C59784754F6C5A4F0C /* Pods-CheersMate.debug.xcconfig */;
			buildSettings = {
				ASSETCATALOG_COMPILER_APPICON_NAME = AppIcon;
				ASSETCATALOG_COMPILER_GLOBAL_ACCENT_COLOR_NAME = AccentColor;
				CODE_SIGN_STYLE = Automatic;
				CURRENT_PROJECT_VERSION = 1;
				DEVELOPMENT_TEAM = 4VFRVNS33P;
				GENERATE_INFOPLIST_FILE = YES;
				INFOPLIST_FILE = CheersMate/Resources/Info.plist;
				INFOPLIST_KEY_UIApplicationSupportsIndirectInputEvents = YES;
				INFOPLIST_KEY_UILaunchStoryboardName = LaunchScreen;
				INFOPLIST_KEY_UISupportedInterfaceOrientations = UIInterfaceOrientationPortrait;
				INFOPLIST_KEY_UISupportedInterfaceOrientations_iPad = "UIInterfaceOrientationLandscapeLeft UIInterfaceOrientationLandscapeRight UIInterfaceOrientationPortrait UIInterfaceOrientationPortraitUpsideDown";
				IPHONEOS_DEPLOYMENT_TARGET = 17.0;
				LD_RUNPATH_SEARCH_PATHS = (
					"$(inherited)",
					"@executable_path/Frameworks",
				);
				MARKETING_VERSION = 1.0;
				PRODUCT_BUNDLE_IDENTIFIER = com.stitch.CheersMate;
				PRODUCT_NAME = "$(TARGET_NAME)";
				SUPPORTED_PLATFORMS = "iphoneos iphonesimulator";
				SUPPORTS_MACCATALYST = NO;
				SUPPORTS_MAC_DESIGNED_FOR_IPHONE_IPAD = NO;
				SUPPORTS_XR_DESIGNED_FOR_IPHONE_IPAD = NO;
				SWIFT_EMIT_LOC_STRINGS = YES;
				SWIFT_VERSION = 5.0;
				TARGETED_DEVICE_FAMILY = 1;
			};
			name = Debug;
		};
		255B96332CBE4EA600D6AC8E /* Release */ = {
			isa = XCBuildConfiguration;
			baseConfigurationReference = 692B02A06E2B5A98DB6FF6AB /* Pods-CheersMate.release.xcconfig */;
			buildSettings = {
				ASSETCATALOG_COMPILER_APPICON_NAME = AppIcon;
				ASSETCATALOG_COMPILER_GLOBAL_ACCENT_COLOR_NAME = AccentColor;
				CODE_SIGN_STYLE = Automatic;
				CURRENT_PROJECT_VERSION = 1;
				DEVELOPMENT_TEAM = 4VFRVNS33P;
				GENERATE_INFOPLIST_FILE = YES;
				INFOPLIST_FILE = CheersMate/Resources/Info.plist;
				INFOPLIST_KEY_UIApplicationSupportsIndirectInputEvents = YES;
				INFOPLIST_KEY_UILaunchStoryboardName = LaunchScreen;
				INFOPLIST_KEY_UISupportedInterfaceOrientations = UIInterfaceOrientationPortrait;
				INFOPLIST_KEY_UISupportedInterfaceOrientations_iPad = "UIInterfaceOrientationLandscapeLeft UIInterfaceOrientationLandscapeRight UIInterfaceOrientationPortrait UIInterfaceOrientationPortraitUpsideDown";
				IPHONEOS_DEPLOYMENT_TARGET = 17.0;
				LD_RUNPATH_SEARCH_PATHS = (
					"$(inherited)",
					"@executable_path/Frameworks",
				);
				MARKETING_VERSION = 1.0;
				PRODUCT_BUNDLE_IDENTIFIER = com.stitch.CheersMate;
				PRODUCT_NAME = "$(TARGET_NAME)";
				SUPPORTED_PLATFORMS = "iphoneos iphonesimulator";
				SUPPORTS_MACCATALYST = NO;
				SUPPORTS_MAC_DESIGNED_FOR_IPHONE_IPAD = NO;
				SUPPORTS_XR_DESIGNED_FOR_IPHONE_IPAD = NO;
				SWIFT_EMIT_LOC_STRINGS = YES;
				SWIFT_VERSION = 5.0;
				TARGETED_DEVICE_FAMILY = 1;
			};
			name = Release;
		};
		255B96342CBE4EA600D6AC8E /* Debug */ = {
			isa = XCBuildConfiguration;
			buildSettings = {
				ALWAYS_SEARCH_USER_PATHS = NO;
				ASSETCATALOG_COMPILER_GENERATE_SWIFT_ASSET_SYMBOL_EXTENSIONS = YES;
				CLANG_ANALYZER_NONNULL = YES;
				CLANG_ANALYZER_NUMBER_OBJECT_CONVERSION = YES_AGGRESSIVE;
				CLANG_CXX_LANGUAGE_STANDARD = "gnu++20";
				CLANG_ENABLE_MODULES = YES;
				CLANG_ENABLE_OBJC_ARC = YES;
				CLANG_ENABLE_OBJC_WEAK = YES;
				CLANG_WARN_BLOCK_CAPTURE_AUTORELEASING = YES;
				CLANG_WARN_BOOL_CONVERSION = YES;
				CLANG_WARN_COMMA = YES;
				CLANG_WARN_CONSTANT_CONVERSION = YES;
				CLANG_WARN_DEPRECATED_OBJC_IMPLEMENTATIONS = YES;
				CLANG_WARN_DIRECT_OBJC_ISA_USAGE = YES_ERROR;
				CLANG_WARN_DOCUMENTATION_COMMENTS = YES;
				CLANG_WARN_EMPTY_BODY = YES;
				CLANG_WARN_ENUM_CONVERSION = YES;
				CLANG_WARN_INFINITE_RECURSION = YES;
				CLANG_WARN_INT_CONVERSION = YES;
				CLANG_WARN_NON_LITERAL_NULL_CONVERSION = YES;
				CLANG_WARN_OBJC_IMPLICIT_RETAIN_SELF = YES;
				CLANG_WARN_OBJC_LITERAL_CONVERSION = YES;
				CLANG_WARN_OBJC_ROOT_CLASS = YES_ERROR;
				CLANG_WARN_QUOTED_INCLUDE_IN_FRAMEWORK_HEADER = YES;
				CLANG_WARN_RANGE_LOOP_ANALYSIS = YES;
				CLANG_WARN_STRICT_PROTOTYPES = YES;
				CLANG_WARN_SUSPICIOUS_MOVE = YES;
				CLANG_WARN_UNGUARDED_AVAILABILITY = YES_AGGRESSIVE;
				CLANG_WARN_UNREACHABLE_CODE = YES;
				CLANG_WARN__DUPLICATE_METHOD_MATCH = YES;
				COPY_PHASE_STRIP = NO;
				DEBUG_INFORMATION_FORMAT = dwarf;
				ENABLE_STRICT_OBJC_MSGSEND = YES;
				ENABLE_TESTABILITY = YES;
				ENABLE_USER_SCRIPT_SANDBOXING = NO;
				GCC_C_LANGUAGE_STANDARD = gnu17;
				GCC_DYNAMIC_NO_PIC = NO;
				GCC_NO_COMMON_BLOCKS = YES;
				GCC_OPTIMIZATION_LEVEL = 0;
				GCC_PREPROCESSOR_DEFINITIONS = (
					"DEBUG=1",
					"$(inherited)",
				);
				GCC_WARN_64_TO_32_BIT_CONVERSION = YES;
				GCC_WARN_ABOUT_RETURN_TYPE = YES_ERROR;
				GCC_WARN_UNDECLARED_SELECTOR = YES;
				GCC_WARN_UNINITIALIZED_AUTOS = YES_AGGRESSIVE;
				GCC_WARN_UNUSED_FUNCTION = YES;
				GCC_WARN_UNUSED_VARIABLE = YES;
				IPHONEOS_DEPLOYMENT_TARGET = 18.0;
				LOCALIZATION_PREFERS_STRING_CATALOGS = YES;
				MTL_ENABLE_DEBUG_INFO = INCLUDE_SOURCE;
				MTL_FAST_MATH = YES;
				ONLY_ACTIVE_ARCH = YES;
				SDKROOT = iphoneos;
				SWIFT_ACTIVE_COMPILATION_CONDITIONS = "DEBUG $(inherited)";
				SWIFT_OPTIMIZATION_LEVEL = "-Onone";
			};
			name = Debug;
		};
		255B96352CBE4EA600D6AC8E /* Release */ = {
			isa = XCBuildConfiguration;
			buildSettings = {
				ALWAYS_SEARCH_USER_PATHS = NO;
				ASSETCATALOG_COMPILER_GENERATE_SWIFT_ASSET_SYMBOL_EXTENSIONS = YES;
				CLANG_ANALYZER_NONNULL = YES;
				CLANG_ANALYZER_NUMBER_OBJECT_CONVERSION = YES_AGGRESSIVE;
				CLANG_CXX_LANGUAGE_STANDARD = "gnu++20";
				CLANG_ENABLE_MODULES = YES;
				CLANG_ENABLE_OBJC_ARC = YES;
				CLANG_ENABLE_OBJC_WEAK = YES;
				CLANG_WARN_BLOCK_CAPTURE_AUTORELEASING = YES;
				CLANG_WARN_BOOL_CONVERSION = YES;
				CLANG_WARN_COMMA = YES;
				CLANG_WARN_CONSTANT_CONVERSION = YES;
				CLANG_WARN_DEPRECATED_OBJC_IMPLEMENTATIONS = YES;
				CLANG_WARN_DIRECT_OBJC_ISA_USAGE = YES_ERROR;
				CLANG_WARN_DOCUMENTATION_COMMENTS = YES;
				CLANG_WARN_EMPTY_BODY = YES;
				CLANG_WARN_ENUM_CONVERSION = YES;
				CLANG_WARN_INFINITE_RECURSION = YES;
				CLANG_WARN_INT_CONVERSION = YES;
				CLANG_WARN_NON_LITERAL_NULL_CONVERSION = YES;
				CLANG_WARN_OBJC_IMPLICIT_RETAIN_SELF = YES;
				CLANG_WARN_OBJC_LITERAL_CONVERSION = YES;
				CLANG_WARN_OBJC_ROOT_CLASS = YES_ERROR;
				CLANG_WARN_QUOTED_INCLUDE_IN_FRAMEWORK_HEADER = YES;
				CLANG_WARN_RANGE_LOOP_ANALYSIS = YES;
				CLANG_WARN_STRICT_PROTOTYPES = YES;
				CLANG_WARN_SUSPICIOUS_MOVE = YES;
				CLANG_WARN_UNGUARDED_AVAILABILITY = YES_AGGRESSIVE;
				CLANG_WARN_UNREACHABLE_CODE = YES;
				CLANG_WARN__DUPLICATE_METHOD_MATCH = YES;
				COPY_PHASE_STRIP = NO;
				DEBUG_INFORMATION_FORMAT = "dwarf-with-dsym";
				ENABLE_NS_ASSERTIONS = NO;
				ENABLE_STRICT_OBJC_MSGSEND = YES;
				ENABLE_USER_SCRIPT_SANDBOXING = NO;
				GCC_C_LANGUAGE_STANDARD = gnu17;
				GCC_NO_COMMON_BLOCKS = YES;
				GCC_WARN_64_TO_32_BIT_CONVERSION = YES;
				GCC_WARN_ABOUT_RETURN_TYPE = YES_ERROR;
				GCC_WARN_UNDECLARED_SELECTOR = YES;
				GCC_WARN_UNINITIALIZED_AUTOS = YES_AGGRESSIVE;
				GCC_WARN_UNUSED_FUNCTION = YES;
				GCC_WARN_UNUSED_VARIABLE = YES;
				IPHONEOS_DEPLOYMENT_TARGET = 18.0;
				LOCALIZATION_PREFERS_STRING_CATALOGS = YES;
				MTL_ENABLE_DEBUG_INFO = NO;
				MTL_FAST_MATH = YES;
				SDKROOT = iphoneos;
				SWIFT_COMPILATION_MODE = wholemodule;
				VALIDATE_PRODUCT = YES;
			};
			name = Release;
		};
		255B96372CBE4EA600D6AC8E /* Debug */ = {
			isa = XCBuildConfiguration;
			baseConfigurationReference = 3BCD95DABEF6D4DE1081BCA5 /* Pods-CheersMateTests.debug.xcconfig */;
			buildSettings = {
				BUNDLE_LOADER = "$(TEST_HOST)";
				CODE_SIGN_STYLE = Automatic;
				CURRENT_PROJECT_VERSION = 1;
				DEVELOPMENT_TEAM = 4VFRVNS33P;
				GENERATE_INFOPLIST_FILE = YES;
				IPHONEOS_DEPLOYMENT_TARGET = 18.0;
				MARKETING_VERSION = 1.0;
				PRODUCT_BUNDLE_IDENTIFIER = com.stitch.CheersMateTests;
				PRODUCT_NAME = "$(TARGET_NAME)";
				SWIFT_EMIT_LOC_STRINGS = NO;
				SWIFT_VERSION = 5.0;
				TARGETED_DEVICE_FAMILY = "1,2";
				TEST_HOST = "$(BUILT_PRODUCTS_DIR)/CheersMate.app/$(BUNDLE_EXECUTABLE_FOLDER_PATH)/CheersMate";
			};
			name = Debug;
		};
		255B96382CBE4EA600D6AC8E /* Release */ = {
			isa = XCBuildConfiguration;
			baseConfigurationReference = 5078F39ABD20400EBFFF94A2 /* Pods-CheersMateTests.release.xcconfig */;
			buildSettings = {
				BUNDLE_LOADER = "$(TEST_HOST)";
				CODE_SIGN_STYLE = Automatic;
				CURRENT_PROJECT_VERSION = 1;
				DEVELOPMENT_TEAM = 4VFRVNS33P;
				GENERATE_INFOPLIST_FILE = YES;
				IPHONEOS_DEPLOYMENT_TARGET = 18.0;
				MARKETING_VERSION = 1.0;
				PRODUCT_BUNDLE_IDENTIFIER = com.stitch.CheersMateTests;
				PRODUCT_NAME = "$(TARGET_NAME)";
				SWIFT_EMIT_LOC_STRINGS = NO;
				SWIFT_VERSION = 5.0;
				TARGETED_DEVICE_FAMILY = "1,2";
				TEST_HOST = "$(BUILT_PRODUCTS_DIR)/CheersMate.app/$(BUNDLE_EXECUTABLE_FOLDER_PATH)/CheersMate";
			};
			name = Release;
		};
		255B963A2CBE4EA600D6AC8E /* Debug */ = {
			isa = XCBuildConfiguration;
			baseConfigurationReference = 73BAE730DD4D08E1ECE1E2A4 /* Pods-CheersMate-CheersMateUITests.debug.xcconfig */;
			buildSettings = {
				CODE_SIGN_STYLE = Automatic;
				CURRENT_PROJECT_VERSION = 1;
				DEVELOPMENT_TEAM = 4VFRVNS33P;
				GENERATE_INFOPLIST_FILE = YES;
				MARKETING_VERSION = 1.0;
				PRODUCT_BUNDLE_IDENTIFIER = com.stitch.CheersMateUITests;
				PRODUCT_NAME = "$(TARGET_NAME)";
				SWIFT_EMIT_LOC_STRINGS = NO;
				SWIFT_VERSION = 5.0;
				TARGETED_DEVICE_FAMILY = "1,2";
				TEST_TARGET_NAME = CheersMate;
			};
			name = Debug;
		};
		255B963B2CBE4EA600D6AC8E /* Release */ = {
			isa = XCBuildConfiguration;
			baseConfigurationReference = C5E423002480A204C3D7DE2D /* Pods-CheersMate-CheersMateUITests.release.xcconfig */;
			buildSettings = {
				CODE_SIGN_STYLE = Automatic;
				CURRENT_PROJECT_VERSION = 1;
				DEVELOPMENT_TEAM = 4VFRVNS33P;
				GENERATE_INFOPLIST_FILE = YES;
				MARKETING_VERSION = 1.0;
				PRODUCT_BUNDLE_IDENTIFIER = com.stitch.CheersMateUITests;
				PRODUCT_NAME = "$(TARGET_NAME)";
				SWIFT_EMIT_LOC_STRINGS = NO;
				SWIFT_VERSION = 5.0;
				TARGETED_DEVICE_FAMILY = "1,2";
				TEST_TARGET_NAME = CheersMate;
			};
			name = Release;
		};
/* End XCBuildConfiguration section */

/* Begin XCConfigurationList section */
		255B96002CBE4EA500D6AC8E /* Build configuration list for PBXProject "CheersMate" */ = {
			isa = XCConfigurationList;
			buildConfigurations = (
				255B96342CBE4EA600D6AC8E /* Debug */,
				255B96352CBE4EA600D6AC8E /* Release */,
			);
			defaultConfigurationIsVisible = 0;
			defaultConfigurationName = Release;
		};
		255B96312CBE4EA600D6AC8E /* Build configuration list for PBXNativeTarget "CheersMate" */ = {
			isa = XCConfigurationList;
			buildConfigurations = (
				255B96322CBE4EA600D6AC8E /* Debug */,
				255B96332CBE4EA600D6AC8E /* Release */,
			);
			defaultConfigurationIsVisible = 0;
			defaultConfigurationName = Release;
		};
		255B96362CBE4EA600D6AC8E /* Build configuration list for PBXNativeTarget "CheersMateTests" */ = {
			isa = XCConfigurationList;
			buildConfigurations = (
				255B96372CBE4EA600D6AC8E /* Debug */,
				255B96382CBE4EA600D6AC8E /* Release */,
			);
			defaultConfigurationIsVisible = 0;
			defaultConfigurationName = Release;
		};
		255B96392CBE4EA600D6AC8E /* Build configuration list for PBXNativeTarget "CheersMateUITests" */ = {
			isa = XCConfigurationList;
			buildConfigurations = (
				255B963A2CBE4EA600D6AC8E /* Debug */,
				255B963B2CBE4EA600D6AC8E /* Release */,
			);
			defaultConfigurationIsVisible = 0;
			defaultConfigurationName = Release;
		};
/* End XCConfigurationList section */

/* Begin XCVersionGroup section */
		255B96572CBE4FF400D6AC8E /* CheersMate.xcdatamodeld */ = {
			isa = XCVersionGroup;
			children = (
				255B96602CBE4FF400D6AC8E /* CheersMate.xcdatamodel */,
			);
			currentVersion = 255B96602CBE4FF400D6AC8E /* CheersMate.xcdatamodel */;
			path = CheersMate.xcdatamodeld;
			sourceTree = "<group>";
			versionGroupType = wrapper.xcdatamodel;
		};
/* End XCVersionGroup section */
	};
	rootObject = 255B95FD2CBE4EA500D6AC8E /* Project object */;
}
